
Microsoft Visual Studio Solution File, Format Version 11.00
# Visual Studio 2010
Project("{FAE04EC0-301F-11D3-BF4B-00C04F79EFBC}") = "RestSharp", "RestSharp\RestSharp.csproj", "{2ECECFBF-5F3E-40EE-A963-72336DC7ABE2}"
EndProject
Project("{FAE04EC0-301F-11D3-BF4B-00C04F79EFBC}") = "RestSharp.Tests", "RestSharp.Tests\RestSharp.Tests.csproj", "{1464E4AC-18BB-4F23-8A0B-68196F9E1871}"
EndProject
Project("{FAE04EC0-301F-11D3-BF4B-00C04F79EFBC}") = "RestSharp.IntegrationTests", "RestSharp.IntegrationTests\RestSharp.IntegrationTests.csproj", "{47D3EBB9-0300-4AF8-BAC5-740D51454A63}"
EndProject
Project("{FAE04EC0-301F-11D3-BF4B-00C04F79EFBC}") = "RestSharp.Silverlight", "RestSharp.Silverlight\RestSharp.Silverlight.csproj", "{11F84600-0978-48B9-A28F-63B3781E54B3}"
EndProject
Project("{FAE04EC0-301F-11D3-BF4B-00C04F79EFBC}") = "RestSharp.WindowsPhone", "RestSharp.WindowsPhone\RestSharp.WindowsPhone.csproj", "{F4D48DF6-316E-4963-B5C1-59CA39B431B7}"
EndProject
Project("{2150E333-8FDC-42A3-9474-1A3956D46DE8}") = "TestHarnesses", "TestHarnesses", "{F160BDB4-F2EB-4610-B2FD-0535C5808558}"
EndProject
Project("{FAE04EC0-301F-11D3-BF4B-00C04F79EFBC}") = "RestSharp.Silverlight.Tests", "RestSharp.Silverlight.Tests\RestSharp.Silverlight.Tests.csproj", "{E65BD6DD-6E8E-438D-A36C-8F812487ED50}"
EndProject
Project("{E24C65DC-7377-472B-9ABA-BC803B73C61A}") = "RestSharp.Silverlight.Tests.Web", "RestSharp.Silverlight.Tests.Web\", "{E8B9A802-20E2-415E-B5C9-38591A1DBAB1}"
	ProjectSection(WebsiteProperties) = preProject
		TargetFrameworkMoniker = ".NETFramework,Version%3Dv4.0"
		Debug.AspNetCompiler.VirtualPath = "/RestSharp.Silverlight.Tests.Web"
		Debug.AspNetCompiler.PhysicalPath = "RestSharp.Silverlight.Tests.Web\"
		Debug.AspNetCompiler.TargetPath = "PrecompiledWeb\RestSharp.Silverlight.Tests.Web\"
		Debug.AspNetCompiler.Updateable = "true"
		Debug.AspNetCompiler.ForceOverwrite = "true"
		Debug.AspNetCompiler.FixedNames = "false"
		Debug.AspNetCompiler.Debug = "True"
		Release.AspNetCompiler.VirtualPath = "/RestSharp.Silverlight.Tests.Web"
		Release.AspNetCompiler.PhysicalPath = "RestSharp.Silverlight.Tests.Web\"
		Release.AspNetCompiler.TargetPath = "PrecompiledWeb\RestSharp.Silverlight.Tests.Web\"
		Release.AspNetCompiler.Updateable = "true"
		Release.AspNetCompiler.ForceOverwrite = "true"
		Release.AspNetCompiler.FixedNames = "false"
		Release.AspNetCompiler.Debug = "False"
		VWDPort = "64435"
		VWDDynamicPort = "false"
		VWDVirtualPath = "/"
		DefaultWebSiteLanguage = "Visual C#"
		ProjOutputReferences = "{E65BD6DD-6E8E-438D-A36C-8F812487ED50}|ClientBin|false;"
	EndProjectSection
EndProject
Global
	GlobalSection(SolutionConfigurationPlatforms) = preSolution
		Debug|Any CPU = Debug|Any CPU
		Debug|Mixed Platforms = Debug|Mixed Platforms
		Debug|x86 = Debug|x86
		Release|Any CPU = Release|Any CPU
		Release|Mixed Platforms = Release|Mixed Platforms
		Release|x86 = Release|x86
	EndGlobalSection
	GlobalSection(ProjectConfigurationPlatforms) = postSolution
		{2ECECFBF-5F3E-40EE-A963-72336DC7ABE2}.Debug|Any CPU.ActiveCfg = Debug|Any CPU
		{2ECECFBF-5F3E-40EE-A963-72336DC7ABE2}.Debug|Any CPU.Build.0 = Debug|Any CPU
		{2ECECFBF-5F3E-40EE-A963-72336DC7ABE2}.Debug|Mixed Platforms.ActiveCfg = Debug|Any CPU
		{2ECECFBF-5F3E-40EE-A963-72336DC7ABE2}.Debug|Mixed Platforms.Build.0 = Debug|Any CPU
		{2ECECFBF-5F3E-40EE-A963-72336DC7ABE2}.Debug|x86.ActiveCfg = Debug|Any CPU
		{2ECECFBF-5F3E-40EE-A963-72336DC7ABE2}.Release|Any CPU.ActiveCfg = Release|Any CPU
		{2ECECFBF-5F3E-40EE-A963-72336DC7ABE2}.Release|Any CPU.Build.0 = Release|Any CPU
		{2ECECFBF-5F3E-40EE-A963-72336DC7ABE2}.Release|Mixed Platforms.ActiveCfg = Release|Any CPU
		{2ECECFBF-5F3E-40EE-A963-72336DC7ABE2}.Release|Mixed Platforms.Build.0 = Release|Any CPU
		{2ECECFBF-5F3E-40EE-A963-72336DC7ABE2}.Release|x86.ActiveCfg = Release|Any CPU
		{1464E4AC-18BB-4F23-8A0B-68196F9E1871}.Debug|Any CPU.ActiveCfg = Debug|Any CPU
		{1464E4AC-18BB-4F23-8A0B-68196F9E1871}.Debug|Any CPU.Build.0 = Debug|Any CPU
		{1464E4AC-18BB-4F23-8A0B-68196F9E1871}.Debug|Mixed Platforms.ActiveCfg = Debug|Any CPU
		{1464E4AC-18BB-4F23-8A0B-68196F9E1871}.Debug|Mixed Platforms.Build.0 = Debug|Any CPU
		{1464E4AC-18BB-4F23-8A0B-68196F9E1871}.Debug|x86.ActiveCfg = Debug|Any CPU
		{1464E4AC-18BB-4F23-8A0B-68196F9E1871}.Release|Any CPU.ActiveCfg = Release|Any CPU
		{1464E4AC-18BB-4F23-8A0B-68196F9E1871}.Release|Any CPU.Build.0 = Release|Any CPU
		{1464E4AC-18BB-4F23-8A0B-68196F9E1871}.Release|Mixed Platforms.ActiveCfg = Release|Any CPU
		{1464E4AC-18BB-4F23-8A0B-68196F9E1871}.Release|Mixed Platforms.Build.0 = Release|Any CPU
		{1464E4AC-18BB-4F23-8A0B-68196F9E1871}.Release|x86.ActiveCfg = Release|Any CPU
		{47D3EBB9-0300-4AF8-BAC5-740D51454A63}.Debug|Any CPU.ActiveCfg = Debug|Any CPU
		{47D3EBB9-0300-4AF8-BAC5-740D51454A63}.Debug|Any CPU.Build.0 = Debug|Any CPU
		{47D3EBB9-0300-4AF8-BAC5-740D51454A63}.Debug|Mixed Platforms.ActiveCfg = Debug|Any CPU
		{47D3EBB9-0300-4AF8-BAC5-740D51454A63}.Debug|Mixed Platforms.Build.0 = Debug|Any CPU
		{47D3EBB9-0300-4AF8-BAC5-740D51454A63}.Debug|x86.ActiveCfg = Debug|Any CPU
		{47D3EBB9-0300-4AF8-BAC5-740D51454A63}.Release|Any CPU.ActiveCfg = Release|Any CPU
		{47D3EBB9-0300-4AF8-BAC5-740D51454A63}.Release|Any CPU.Build.0 = Release|Any CPU
		{47D3EBB9-0300-4AF8-BAC5-740D51454A63}.Release|Mixed Platforms.ActiveCfg = Release|Any CPU
		{47D3EBB9-0300-4AF8-BAC5-740D51454A63}.Release|Mixed Platforms.Build.0 = Release|Any CPU
		{47D3EBB9-0300-4AF8-BAC5-740D51454A63}.Release|x86.ActiveCfg = Release|Any CPU
		{11F84600-0978-48B9-A28F-63B3781E54B3}.Debug|Any CPU.ActiveCfg = Debug|Any CPU
		{11F84600-0978-48B9-A28F-63B3781E54B3}.Debug|Any CPU.Build.0 = Debug|Any CPU
		{11F84600-0978-48B9-A28F-63B3781E54B3}.Debug|Mixed Platforms.ActiveCfg = Debug|Any CPU
		{11F84600-0978-48B9-A28F-63B3781E54B3}.Debug|Mixed Platforms.Build.0 = Debug|Any CPU
		{11F84600-0978-48B9-A28F-63B3781E54B3}.Debug|x86.ActiveCfg = Debug|Any CPU
		{11F84600-0978-48B9-A28F-63B3781E54B3}.Release|Any CPU.ActiveCfg = Release|Any CPU
		{11F84600-0978-48B9-A28F-63B3781E54B3}.Release|Any CPU.Build.0 = Release|Any CPU
		{11F84600-0978-48B9-A28F-63B3781E54B3}.Release|Mixed Platforms.ActiveCfg = Release|Any CPU
		{11F84600-0978-48B9-A28F-63B3781E54B3}.Release|Mixed Platforms.Build.0 = Release|Any CPU
		{11F84600-0978-48B9-A28F-63B3781E54B3}.Release|x86.ActiveCfg = Release|Any CPU
		{F4D48DF6-316E-4963-B5C1-59CA39B431B7}.Debug|Any CPU.ActiveCfg = Debug|Any CPU
		{F4D48DF6-316E-4963-B5C1-59CA39B431B7}.Debug|Any CPU.Build.0 = Debug|Any CPU
		{F4D48DF6-316E-4963-B5C1-59CA39B431B7}.Debug|Mixed Platforms.ActiveCfg = Debug|Any CPU
		{F4D48DF6-316E-4963-B5C1-59CA39B431B7}.Debug|Mixed Platforms.Build.0 = Debug|Any CPU
		{F4D48DF6-316E-4963-B5C1-59CA39B431B7}.Debug|x86.ActiveCfg = Debug|Any CPU
		{F4D48DF6-316E-4963-B5C1-59CA39B431B7}.Release|Any CPU.ActiveCfg = Release|Any CPU
		{F4D48DF6-316E-4963-B5C1-59CA39B431B7}.Release|Any CPU.Build.0 = Release|Any CPU
		{F4D48DF6-316E-4963-B5C1-59CA39B431B7}.Release|Mixed Platforms.ActiveCfg = Release|Any CPU
		{F4D48DF6-316E-4963-B5C1-59CA39B431B7}.Release|Mixed Platforms.Build.0 = Release|Any CPU
		{F4D48DF6-316E-4963-B5C1-59CA39B431B7}.Release|x86.ActiveCfg = Release|Any CPU
		{E65BD6DD-6E8E-438D-A36C-8F812487ED50}.Debug|Any CPU.ActiveCfg = Debug|Any CPU
		{E65BD6DD-6E8E-438D-A36C-8F812487ED50}.Debug|Any CPU.Build.0 = Debug|Any CPU
		{E65BD6DD-6E8E-438D-A36C-8F812487ED50}.Debug|Mixed Platforms.ActiveCfg = Debug|Any CPU
		{E65BD6DD-6E8E-438D-A36C-8F812487ED50}.Debug|Mixed Platforms.Build.0 = Debug|Any CPU
		{E65BD6DD-6E8E-438D-A36C-8F812487ED50}.Debug|x86.ActiveCfg = Debug|Any CPU
		{E65BD6DD-6E8E-438D-A36C-8F812487ED50}.Release|Any CPU.ActiveCfg = Release|Any CPU
		{E65BD6DD-6E8E-438D-A36C-8F812487ED50}.Release|Any CPU.Build.0 = Release|Any CPU
		{E65BD6DD-6E8E-438D-A36C-8F812487ED50}.Release|Mixed Platforms.ActiveCfg = Release|Any CPU
		{E65BD6DD-6E8E-438D-A36C-8F812487ED50}.Release|Mixed Platforms.Build.0 = Release|Any CPU
		{E65BD6DD-6E8E-438D-A36C-8F812487ED50}.Release|x86.ActiveCfg = Release|Any CPU
		{E8B9A802-20E2-415E-B5C9-38591A1DBAB1}.Debug|Any CPU.ActiveCfg = Debug|Any CPU
		{E8B9A802-20E2-415E-B5C9-38591A1DBAB1}.Debug|Any CPU.Build.0 = Debug|Any CPU
		{E8B9A802-20E2-415E-B5C9-38591A1DBAB1}.Debug|Mixed Platforms.ActiveCfg = Debug|Any CPU
		{E8B9A802-20E2-415E-B5C9-38591A1DBAB1}.Debug|Mixed Platforms.Build.0 = Debug|Any CPU
		{E8B9A802-20E2-415E-B5C9-38591A1DBAB1}.Debug|x86.ActiveCfg = Debug|Any CPU
		{E8B9A802-20E2-415E-B5C9-38591A1DBAB1}.Release|Any CPU.ActiveCfg = Debug|Any CPU
		{E8B9A802-20E2-415E-B5C9-38591A1DBAB1}.Release|Any CPU.Build.0 = Debug|Any CPU
		{E8B9A802-20E2-415E-B5C9-38591A1DBAB1}.Release|Mixed Platforms.ActiveCfg = Debug|Any CPU
		{E8B9A802-20E2-415E-B5C9-38591A1DBAB1}.Release|Mixed Platforms.Build.0 = Debug|Any CPU
		{E8B9A802-20E2-415E-B5C9-38591A1DBAB1}.Release|x86.ActiveCfg = Debug|Any CPU
	EndGlobalSection
	GlobalSection(SolutionProperties) = preSolution
		HideSolutionNode = FALSE
	EndGlobalSection
	GlobalSection(NestedProjects) = preSolution
		{E65BD6DD-6E8E-438D-A36C-8F812487ED50} = {F160BDB4-F2EB-4610-B2FD-0535C5808558}
		{E8B9A802-20E2-415E-B5C9-38591A1DBAB1} = {F160BDB4-F2EB-4610-B2FD-0535C5808558}
	EndGlobalSection
EndGlobal
