
Microsoft Visual Studio Solution File, Format Version 12.00
# Visual Studio 15
VisualStudioVersion = 15.0.26730.16
MinimumVisualStudioVersion = 10.0.40219.1
Project("{2150E333-8FDC-42A3-9474-1A3956D46DE8}") = "Meta", "Meta", "{C5B02FAA-6A0A-4BF9-BBD4-82FD2DCBF669}"
	ProjectSection(SolutionItems) = preProject
		appveyor.yml = appveyor.yml
		CONTRIBUTING.md = CONTRIBUTING.md
		README.md = README.md
		readme.txt = readme.txt
		releasenotes.md = releasenotes.md
		build.bat = build.bat
	EndProjectSection
EndProject
Project("{9A19103F-16F7-4668-BE54-9A1E7A4F7556}") = "RestSharp", "RestSharp\RestSharp.csproj", "{24BDBFB9-7849-400D-B3AB-E06AB7AEDBC5}"
EndProject
Project("{9A19103F-16F7-4668-BE54-9A1E7A4F7556}") = "RestSharp.Tests", "RestSharp.Tests\RestSharp.Tests.csproj", "{B5ED1585-8B00-474B-A82E-1C8AEB431646}"
EndProject
Project("{9A19103F-16F7-4668-BE54-9A1E7A4F7556}") = "RestSharp.IntegrationTests", "RestSharp.IntegrationTests\RestSharp.IntegrationTests.csproj", "{B7D1A40A-0E34-485E-9BBD-F0F34F61EC67}"
EndProject
Global
	GlobalSection(SolutionConfigurationPlatforms) = preSolution
		Debug.Appveyor|Any CPU = Debug.Appveyor|Any CPU
		Debug.Appveyor|ARM = Debug.Appveyor|ARM
		Debug.Appveyor|Mixed Platforms = Debug.Appveyor|Mixed Platforms
		Debug.Appveyor|x64 = Debug.Appveyor|x64
		Debug.Appveyor|x86 = Debug.Appveyor|x86
		Debug|Any CPU = Debug|Any CPU
		Debug|ARM = Debug|ARM
		Debug|Mixed Platforms = Debug|Mixed Platforms
		Debug|x64 = Debug|x64
		Debug|x86 = Debug|x86
		Release|Any CPU = Release|Any CPU
		Release|ARM = Release|ARM
		Release|Mixed Platforms = Release|Mixed Platforms
		Release|x64 = Release|x64
		Release|x86 = Release|x86
	EndGlobalSection
	GlobalSection(ProjectConfigurationPlatforms) = postSolution
		{24BDBFB9-7849-400D-B3AB-E06AB7AEDBC5}.Debug.Appveyor|Any CPU.ActiveCfg = Debug|Any CPU
		{24BDBFB9-7849-400D-B3AB-E06AB7AEDBC5}.Debug.Appveyor|Any CPU.Build.0 = Debug|Any CPU
		{24BDBFB9-7849-400D-B3AB-E06AB7AEDBC5}.Debug.Appveyor|ARM.ActiveCfg = Debug|Any CPU
		{24BDBFB9-7849-400D-B3AB-E06AB7AEDBC5}.Debug.Appveyor|ARM.Build.0 = Debug|Any CPU
		{24BDBFB9-7849-400D-B3AB-E06AB7AEDBC5}.Debug.Appveyor|Mixed Platforms.ActiveCfg = Debug|Any CPU
		{24BDBFB9-7849-400D-B3AB-E06AB7AEDBC5}.Debug.Appveyor|Mixed Platforms.Build.0 = Debug|Any CPU
		{24BDBFB9-7849-400D-B3AB-E06AB7AEDBC5}.Debug.Appveyor|x64.ActiveCfg = Debug|Any CPU
		{24BDBFB9-7849-400D-B3AB-E06AB7AEDBC5}.Debug.Appveyor|x64.Build.0 = Debug|Any CPU
		{24BDBFB9-7849-400D-B3AB-E06AB7AEDBC5}.Debug.Appveyor|x86.ActiveCfg = Debug|Any CPU
		{24BDBFB9-7849-400D-B3AB-E06AB7AEDBC5}.Debug.Appveyor|x86.Build.0 = Debug|Any CPU
		{24BDBFB9-7849-400D-B3AB-E06AB7AEDBC5}.Debug|Any CPU.ActiveCfg = Debug|Any CPU
		{24BDBFB9-7849-400D-B3AB-E06AB7AEDBC5}.Debug|Any CPU.Build.0 = Debug|Any CPU
		{24BDBFB9-7849-400D-B3AB-E06AB7AEDBC5}.Debug|ARM.ActiveCfg = Debug|Any CPU
		{24BDBFB9-7849-400D-B3AB-E06AB7AEDBC5}.Debug|ARM.Build.0 = Debug|Any CPU
		{24BDBFB9-7849-400D-B3AB-E06AB7AEDBC5}.Debug|Mixed Platforms.ActiveCfg = Debug|Any CPU
		{24BDBFB9-7849-400D-B3AB-E06AB7AEDBC5}.Debug|Mixed Platforms.Build.0 = Debug|Any CPU
		{24BDBFB9-7849-400D-B3AB-E06AB7AEDBC5}.Debug|x64.ActiveCfg = Debug|Any CPU
		{24BDBFB9-7849-400D-B3AB-E06AB7AEDBC5}.Debug|x64.Build.0 = Debug|Any CPU
		{24BDBFB9-7849-400D-B3AB-E06AB7AEDBC5}.Debug|x86.ActiveCfg = Debug|Any CPU
		{24BDBFB9-7849-400D-B3AB-E06AB7AEDBC5}.Debug|x86.Build.0 = Debug|Any CPU
		{24BDBFB9-7849-400D-B3AB-E06AB7AEDBC5}.Release|Any CPU.ActiveCfg = Release|Any CPU
		{24BDBFB9-7849-400D-B3AB-E06AB7AEDBC5}.Release|Any CPU.Build.0 = Release|Any CPU
		{24BDBFB9-7849-400D-B3AB-E06AB7AEDBC5}.Release|ARM.ActiveCfg = Release|Any CPU
		{24BDBFB9-7849-400D-B3AB-E06AB7AEDBC5}.Release|ARM.Build.0 = Release|Any CPU
		{24BDBFB9-7849-400D-B3AB-E06AB7AEDBC5}.Release|Mixed Platforms.ActiveCfg = Release|Any CPU
		{24BDBFB9-7849-400D-B3AB-E06AB7AEDBC5}.Release|Mixed Platforms.Build.0 = Release|Any CPU
		{24BDBFB9-7849-400D-B3AB-E06AB7AEDBC5}.Release|x64.ActiveCfg = Release|Any CPU
		{24BDBFB9-7849-400D-B3AB-E06AB7AEDBC5}.Release|x64.Build.0 = Release|Any CPU
		{24BDBFB9-7849-400D-B3AB-E06AB7AEDBC5}.Release|x86.ActiveCfg = Release|Any CPU
		{24BDBFB9-7849-400D-B3AB-E06AB7AEDBC5}.Release|x86.Build.0 = Release|Any CPU
		{B5ED1585-8B00-474B-A82E-1C8AEB431646}.Debug.Appveyor|Any CPU.ActiveCfg = Debug|Any CPU
		{B5ED1585-8B00-474B-A82E-1C8AEB431646}.Debug.Appveyor|Any CPU.Build.0 = Debug|Any CPU
		{B5ED1585-8B00-474B-A82E-1C8AEB431646}.Debug.Appveyor|ARM.ActiveCfg = Debug|Any CPU
		{B5ED1585-8B00-474B-A82E-1C8AEB431646}.Debug.Appveyor|ARM.Build.0 = Debug|Any CPU
		{B5ED1585-8B00-474B-A82E-1C8AEB431646}.Debug.Appveyor|Mixed Platforms.ActiveCfg = Debug|Any CPU
		{B5ED1585-8B00-474B-A82E-1C8AEB431646}.Debug.Appveyor|Mixed Platforms.Build.0 = Debug|Any CPU
		{B5ED1585-8B00-474B-A82E-1C8AEB431646}.Debug.Appveyor|x64.ActiveCfg = Debug|Any CPU
		{B5ED1585-8B00-474B-A82E-1C8AEB431646}.Debug.Appveyor|x64.Build.0 = Debug|Any CPU
		{B5ED1585-8B00-474B-A82E-1C8AEB431646}.Debug.Appveyor|x86.ActiveCfg = Debug|Any CPU
		{B5ED1585-8B00-474B-A82E-1C8AEB431646}.Debug.Appveyor|x86.Build.0 = Debug|Any CPU
		{B5ED1585-8B00-474B-A82E-1C8AEB431646}.Debug|Any CPU.ActiveCfg = Debug|Any CPU
		{B5ED1585-8B00-474B-A82E-1C8AEB431646}.Debug|Any CPU.Build.0 = Debug|Any CPU
		{B5ED1585-8B00-474B-A82E-1C8AEB431646}.Debug|ARM.ActiveCfg = Debug|Any CPU
		{B5ED1585-8B00-474B-A82E-1C8AEB431646}.Debug|ARM.Build.0 = Debug|Any CPU
		{B5ED1585-8B00-474B-A82E-1C8AEB431646}.Debug|Mixed Platforms.ActiveCfg = Debug|Any CPU
		{B5ED1585-8B00-474B-A82E-1C8AEB431646}.Debug|Mixed Platforms.Build.0 = Debug|Any CPU
		{B5ED1585-8B00-474B-A82E-1C8AEB431646}.Debug|x64.ActiveCfg = Debug|Any CPU
		{B5ED1585-8B00-474B-A82E-1C8AEB431646}.Debug|x64.Build.0 = Debug|Any CPU
		{B5ED1585-8B00-474B-A82E-1C8AEB431646}.Debug|x86.ActiveCfg = Debug|Any CPU
		{B5ED1585-8B00-474B-A82E-1C8AEB431646}.Debug|x86.Build.0 = Debug|Any CPU
		{B5ED1585-8B00-474B-A82E-1C8AEB431646}.Release|Any CPU.ActiveCfg = Release|Any CPU
		{B5ED1585-8B00-474B-A82E-1C8AEB431646}.Release|Any CPU.Build.0 = Release|Any CPU
		{B5ED1585-8B00-474B-A82E-1C8AEB431646}.Release|ARM.ActiveCfg = Release|Any CPU
		{B5ED1585-8B00-474B-A82E-1C8AEB431646}.Release|ARM.Build.0 = Release|Any CPU
		{B5ED1585-8B00-474B-A82E-1C8AEB431646}.Release|Mixed Platforms.ActiveCfg = Release|Any CPU
		{B5ED1585-8B00-474B-A82E-1C8AEB431646}.Release|Mixed Platforms.Build.0 = Release|Any CPU
		{B5ED1585-8B00-474B-A82E-1C8AEB431646}.Release|x64.ActiveCfg = Release|Any CPU
		{B5ED1585-8B00-474B-A82E-1C8AEB431646}.Release|x64.Build.0 = Release|Any CPU
		{B5ED1585-8B00-474B-A82E-1C8AEB431646}.Release|x86.ActiveCfg = Release|Any CPU
		{B5ED1585-8B00-474B-A82E-1C8AEB431646}.Release|x86.Build.0 = Release|Any CPU
		{B7D1A40A-0E34-485E-9BBD-F0F34F61EC67}.Debug.Appveyor|Any CPU.ActiveCfg = Debug|Any CPU
		{B7D1A40A-0E34-485E-9BBD-F0F34F61EC67}.Debug.Appveyor|Any CPU.Build.0 = Debug|Any CPU
		{B7D1A40A-0E34-485E-9BBD-F0F34F61EC67}.Debug.Appveyor|ARM.ActiveCfg = Debug|Any CPU
		{B7D1A40A-0E34-485E-9BBD-F0F34F61EC67}.Debug.Appveyor|ARM.Build.0 = Debug|Any CPU
		{B7D1A40A-0E34-485E-9BBD-F0F34F61EC67}.Debug.Appveyor|Mixed Platforms.ActiveCfg = Debug|Any CPU
		{B7D1A40A-0E34-485E-9BBD-F0F34F61EC67}.Debug.Appveyor|Mixed Platforms.Build.0 = Debug|Any CPU
		{B7D1A40A-0E34-485E-9BBD-F0F34F61EC67}.Debug.Appveyor|x64.ActiveCfg = Debug|Any CPU
		{B7D1A40A-0E34-485E-9BBD-F0F34F61EC67}.Debug.Appveyor|x64.Build.0 = Debug|Any CPU
		{B7D1A40A-0E34-485E-9BBD-F0F34F61EC67}.Debug.Appveyor|x86.ActiveCfg = Debug|Any CPU
		{B7D1A40A-0E34-485E-9BBD-F0F34F61EC67}.Debug.Appveyor|x86.Build.0 = Debug|Any CPU
		{B7D1A40A-0E34-485E-9BBD-F0F34F61EC67}.Debug|Any CPU.ActiveCfg = Debug|Any CPU
		{B7D1A40A-0E34-485E-9BBD-F0F34F61EC67}.Debug|Any CPU.Build.0 = Debug|Any CPU
		{B7D1A40A-0E34-485E-9BBD-F0F34F61EC67}.Debug|ARM.ActiveCfg = Debug|Any CPU
		{B7D1A40A-0E34-485E-9BBD-F0F34F61EC67}.Debug|ARM.Build.0 = Debug|Any CPU
		{B7D1A40A-0E34-485E-9BBD-F0F34F61EC67}.Debug|Mixed Platforms.ActiveCfg = Debug|Any CPU
		{B7D1A40A-0E34-485E-9BBD-F0F34F61EC67}.Debug|Mixed Platforms.Build.0 = Debug|Any CPU
		{B7D1A40A-0E34-485E-9BBD-F0F34F61EC67}.Debug|x64.ActiveCfg = Debug|Any CPU
		{B7D1A40A-0E34-485E-9BBD-F0F34F61EC67}.Debug|x64.Build.0 = Debug|Any CPU
		{B7D1A40A-0E34-485E-9BBD-F0F34F61EC67}.Debug|x86.ActiveCfg = Debug|Any CPU
		{B7D1A40A-0E34-485E-9BBD-F0F34F61EC67}.Debug|x86.Build.0 = Debug|Any CPU
		{B7D1A40A-0E34-485E-9BBD-F0F34F61EC67}.Release|Any CPU.ActiveCfg = Release|Any CPU
		{B7D1A40A-0E34-485E-9BBD-F0F34F61EC67}.Release|Any CPU.Build.0 = Release|Any CPU
		{B7D1A40A-0E34-485E-9BBD-F0F34F61EC67}.Release|ARM.ActiveCfg = Release|Any CPU
		{B7D1A40A-0E34-485E-9BBD-F0F34F61EC67}.Release|ARM.Build.0 = Release|Any CPU
		{B7D1A40A-0E34-485E-9BBD-F0F34F61EC67}.Release|Mixed Platforms.ActiveCfg = Release|Any CPU
		{B7D1A40A-0E34-485E-9BBD-F0F34F61EC67}.Release|Mixed Platforms.Build.0 = Release|Any CPU
		{B7D1A40A-0E34-485E-9BBD-F0F34F61EC67}.Release|x64.ActiveCfg = Release|Any CPU
		{B7D1A40A-0E34-485E-9BBD-F0F34F61EC67}.Release|x64.Build.0 = Release|Any CPU
		{B7D1A40A-0E34-485E-9BBD-F0F34F61EC67}.Release|x86.ActiveCfg = Release|Any CPU
		{B7D1A40A-0E34-485E-9BBD-F0F34F61EC67}.Release|x86.Build.0 = Release|Any CPU
	EndGlobalSection
	GlobalSection(SolutionProperties) = preSolution
		HideSolutionNode = FALSE
	EndGlobalSection
	GlobalSection(ExtensibilityGlobals) = postSolution
		SolutionGuid = {77FF357B-03FA-4FA5-A68F-BFBE5800FEBA}
	EndGlobalSection
EndGlobal
