
Microsoft Visual Studio Solution File, Format Version 10.00
# Visual Studio 2008
Project("{FAE04EC0-301F-11D3-BF4B-00C04F79EFBC}") = "RestSharp.Compact", "RestSharp\RestSharp.Compact.csproj", "{A29E330B-F854-4287-BEB2-C4CBE9D9C637}"
EndProject
Global
	GlobalSection(SolutionConfigurationPlatforms) = preSolution
		Debug|Any CPU = Debug|Any CPU
		Release|Any CPU = Release|Any CPU
	EndGlobalSection
	GlobalSection(ProjectConfigurationPlatforms) = postSolution
		{A29E330B-F854-4287-BEB2-C4CBE9D9C637}.Debug|Any CPU.ActiveCfg = Debug|Any CPU
		{A29E330B-F854-4287-BEB2-C4CBE9D9C637}.Debug|Any CPU.Build.0 = Debug|Any CPU
		{A29E330B-F854-4287-BEB2-C4CBE9D9C637}.Release|Any CPU.ActiveCfg = Release|Any CPU
		{A29E330B-F854-4287-BEB2-C4CBE9D9C637}.Release|Any CPU.Build.0 = Release|Any CPU
	EndGlobalSection
	GlobalSection(SolutionProperties) = preSolution
		HideSolutionNode = FALSE
	EndGlobalSection
EndGlobal
