Microsoft Visual Studio Solution File, Format Version 12.00
# Visual Studio 14
VisualStudioVersion = 14.0.23107.0
MinimumVisualStudioVersion = 10.0.40219.1
Project("{2150E333-8FDC-42A3-9474-1A3956D46DE8}") = "NuGet", "NuGet", "{E709A928-A45C-4622-A35C-CCD8EE44CA80}"
	ProjectSection(SolutionItems) = preProject
		build.bat = build.bat
		package.cmd = package.cmd
		readme.txt = readme.txt
		restsharp.nuspec = restsharp.nuspec
	EndProjectSection
EndProject
Project("{2150E333-8FDC-42A3-9474-1A3956D46DE8}") = ".nuget", ".nuget", "{1B3F12F6-D32B-48C4-98D7-AB448EB78811}"
	ProjectSection(SolutionItems) = preProject
		.nuget\NuGet.exe = .nuget\NuGet.exe
		.nuget\NuGet.targets = .nuget\NuGet.targets
	EndProjectSection
EndProject
Project("{2150E333-8FDC-42A3-9474-1A3956D46DE8}") = "Meta", "Meta", "{C5B02FAA-6A0A-4BF9-BBD4-82FD2DCBF669}"
	ProjectSection(SolutionItems) = preProject
		appveyor.yml = appveyor.yml
		CONTRIBUTING.markdown = CONTRIBUTING.markdown
		README.markdown = README.markdown
		readme.txt = readme.txt
		releasenotes.markdown = releasenotes.markdown
	EndProjectSection
EndProject
Project("{FAE04EC0-301F-11D3-BF4B-00C04F79EFBC}") = "RestSharp.Net35", "RestSharp\RestSharp.Net35.csproj", "{2ECECFBF-5F3E-40EE-A963-72336DC7ABE2}"
EndProject
Project("{FAE04EC0-301F-11D3-BF4B-00C04F79EFBC}") = "RestSharp.Tests", "RestSharp.Tests\RestSharp.Tests.csproj", "{1464E4AC-18BB-4F23-8A0B-68196F9E1871}"
EndProject
Project("{FAE04EC0-301F-11D3-BF4B-00C04F79EFBC}") = "RestSharp.IntegrationTests", "RestSharp.IntegrationTests\RestSharp.IntegrationTests.csproj", "{47D3EBB9-0300-4AF8-BAC5-740D51454A63}"
EndProject
Project("{FAE04EC0-301F-11D3-BF4B-00C04F79EFBC}") = "RestSharp.Silverlight", "RestSharp.Silverlight\RestSharp.Silverlight.csproj", "{11F84600-0978-48B9-A28F-63B3781E54B3}"
EndProject
Project("{FAE04EC0-301F-11D3-BF4B-00C04F79EFBC}") = "RestSharp.Net4", "RestSharp.Net4\RestSharp.Net4.csproj", "{5FF943A5-260F-4042-B4CE-C4977BAD4EBB}"
EndProject
Project("{FAE04EC0-301F-11D3-BF4B-00C04F79EFBC}") = "RestSharp.Build", "RestSharp.Build\RestSharp.Build.csproj", "{CCC30138-3D68-44D8-AF1A-D22F769EE8DC}"
EndProject
Project("{FAE04EC0-301F-11D3-BF4B-00C04F79EFBC}") = "RestSharp.Net45", "RestSharp.Net45\RestSharp.Net45.csproj", "{D5D62FE9-1679-4697-BDC6-9574D907A717}"
EndProject
Project("{FAE04EC0-301F-11D3-BF4B-00C04F79EFBC}") = "RestSharp.Net451", "RestSharp.Net451\RestSharp.Net451.csproj", "{53F45A1D-088B-4A2C-A8E2-5901F0DB5EA8}"
EndProject
Project("{FAE04EC0-301F-11D3-BF4B-00C04F79EFBC}") = "RestSharp.Net452", "RestSharp.Net452\RestSharp.Net452.csproj", "{353349A9-4E6C-4706-A1C4-8363EAE0DBF3}"
EndProject
Project("{FAE04EC0-301F-11D3-BF4B-00C04F79EFBC}") = "RestSharp.Net46", "RestSharp.Net46\RestSharp.Net46.csproj", "{47C29B0E-D6F9-4FAA-B321-20053A1E3EE2}"
EndProject
Project("{FAE04EC0-301F-11D3-BF4B-00C04F79EFBC}") = "RestSharp.Net35.Signed", "RestSharp\RestSharp.Net35.Signed.csproj", "{3190E0DC-674C-4C41-A7A3-BD2F406963B0}"
EndProject
Project("{FAE04EC0-301F-11D3-BF4B-00C04F79EFBC}") = "RestSharp.Build.Signed", "RestSharp.Build\RestSharp.Build.Signed.csproj", "{60CF35B5-ABE3-47E4-BA0C-0ABAF1618475}"
EndProject
Project("{FAE04EC0-301F-11D3-BF4B-00C04F79EFBC}") = "RestSharp.IntegrationTests.Signed", "RestSharp.IntegrationTests\RestSharp.IntegrationTests.Signed.csproj", "{3AC3B97E-D5AF-4462-BF5D-0EC28F4619C6}"
EndProject
Project("{FAE04EC0-301F-11D3-BF4B-00C04F79EFBC}") = "RestSharp.Net4.Signed", "RestSharp.Net4\RestSharp.Net4.Signed.csproj", "{ED71EEE1-29E5-437A-A4C7-06DA0EC1AA92}"
EndProject
Project("{FAE04EC0-301F-11D3-BF4B-00C04F79EFBC}") = "RestSharp.Net45.Signed", "RestSharp.Net45\RestSharp.Net45.Signed.csproj", "{EC77CB3A-A55C-4A00-8471-C9AADAE2EED4}"
EndProject
Project("{FAE04EC0-301F-11D3-BF4B-00C04F79EFBC}") = "RestSharp.Net46.Signed", "RestSharp.Net46\RestSharp.Net46.Signed.csproj", "{BD61DB80-63AC-4BFD-8232-A5C4DD9B8110}"
EndProject
Project("{FAE04EC0-301F-11D3-BF4B-00C04F79EFBC}") = "RestSharp.Net451.Signed", "RestSharp.Net451\RestSharp.Net451.Signed.csproj", "{142BC56F-48B2-4BAE-A33D-583D0B77232C}"
EndProject
Project("{FAE04EC0-301F-11D3-BF4B-00C04F79EFBC}") = "RestSharp.Net452.Signed", "RestSharp.Net452\RestSharp.Net452.Signed.csproj", "{F4C74773-8D8E-4A7D-977B-DE985B4D49D9}"
EndProject
Project("{FAE04EC0-301F-11D3-BF4B-00C04F79EFBC}") = "RestSharp.Tests.Signed", "RestSharp.Tests\RestSharp.Tests.Signed.csproj", "{25D4AAB0-B538-4F13-AB0E-96247307858B}"
EndProject
Project("{FAE04EC0-301F-11D3-BF4B-00C04F79EFBC}") = "RestSharp.Net4.Client", "RestSharp.Net4.Client\RestSharp.Net4.Client.csproj", "{67D441EA-FE5A-419F-ABD2-32E5B954A7C8}"
EndProject
Project("{FAE04EC0-301F-11D3-BF4B-00C04F79EFBC}") = "RestSharp.Net4.Client.Signed", "RestSharp.Net4.Client\RestSharp.Net4.Client.Signed.csproj", "{CE439183-9CC6-4767-9041-016E3576D0F6}"
EndProject
Project("{FAE04EC0-301F-11D3-BF4B-00C04F79EFBC}") = "RestSharp.Android", "RestSharp.Android\RestSharp.Android.csproj", "{1B662C38-984F-4B6A-89B5-AFF7FCBE43A2}"
EndProject
Project("{FAE04EC0-301F-11D3-BF4B-00C04F79EFBC}") = "RestSharp.iOS", "RestSharp.iOS\RestSharp.iOS.csproj", "{7CBC38E5-BABF-4E79-86CA-41C42222FC85}"
EndProject
Project("{FAE04EC0-301F-11D3-BF4B-00C04F79EFBC}") = "RestSharp.MonoTouch", "RestSharp.MonoTouch\RestSharp.MonoTouch.csproj", "{E9A9D1C5-4E06-4D31-9809-A97188C70B2C}"
EndProject
Project("{FAE04EC0-301F-11D3-BF4B-00C04F79EFBC}") = "RestSharp.WindowsPhone.8.0", "RestSharp.WindowsPhone.8.0\RestSharp.WindowsPhone.8.0.csproj", "{F4D48DF6-316E-4963-B5C1-59CA39B431B7}"
EndProject
Project("{FAE04EC0-301F-11D3-BF4B-00C04F79EFBC}") = "RestSharp.WindowsPhone.8.1", "RestSharp.WindowsPhone.8.1\RestSharp.WindowsPhone.8.1.csproj", "{7F223A85-CB51-4666-AFD1-EA55163CE3E8}"
EndProject
Project("{FAE04EC0-301F-11D3-BF4B-00C04F79EFBC}") = "RestSharp.Silverlight.Signed", "RestSharp.Silverlight\RestSharp.Silverlight.Signed.csproj", "{E08E5B69-4F6D-4DE1-ABB8-77E0441D1AEF}"
EndProject
Project("{FAE04EC0-301F-11D3-BF4B-00C04F79EFBC}") = "RestSharp.UWP", "RestSharp.UWP\RestSharp.UWP.csproj", "{0136D105-745E-44CE-9215-161833B25D84}"
EndProject
Global
	GlobalSection(SolutionConfigurationPlatforms) = preSolution
		Debug.Appveyor|Any CPU = Debug.Appveyor|Any CPU
		Debug.Appveyor|ARM = Debug.Appveyor|ARM
		Debug.Appveyor|Mixed Platforms = Debug.Appveyor|Mixed Platforms
		Debug.Appveyor|x64 = Debug.Appveyor|x64
		Debug.Appveyor|x86 = Debug.Appveyor|x86
		Debug|Any CPU = Debug|Any CPU
		Debug|ARM = Debug|ARM
		Debug|Mixed Platforms = Debug|Mixed Platforms
		Debug|x64 = Debug|x64
		Debug|x86 = Debug|x86
		Release|Any CPU = Release|Any CPU
		Release|ARM = Release|ARM
		Release|Mixed Platforms = Release|Mixed Platforms
		Release|x64 = Release|x64
		Release|x86 = Release|x86
	EndGlobalSection
	GlobalSection(ProjectConfigurationPlatforms) = postSolution
		{2ECECFBF-5F3E-40EE-A963-72336DC7ABE2}.Debug.Appveyor|Any CPU.ActiveCfg = Debug|Any CPU
		{2ECECFBF-5F3E-40EE-A963-72336DC7ABE2}.Debug.Appveyor|Any CPU.Build.0 = Debug|Any CPU
		{2ECECFBF-5F3E-40EE-A963-72336DC7ABE2}.Debug.Appveyor|ARM.ActiveCfg = Debug|Any CPU
		{2ECECFBF-5F3E-40EE-A963-72336DC7ABE2}.Debug.Appveyor|Mixed Platforms.ActiveCfg = Debug|Any CPU
		{2ECECFBF-5F3E-40EE-A963-72336DC7ABE2}.Debug.Appveyor|Mixed Platforms.Build.0 = Debug|Any CPU
		{2ECECFBF-5F3E-40EE-A963-72336DC7ABE2}.Debug.Appveyor|x64.ActiveCfg = Debug|Any CPU
		{2ECECFBF-5F3E-40EE-A963-72336DC7ABE2}.Debug.Appveyor|x64.Build.0 = Debug|Any CPU
		{2ECECFBF-5F3E-40EE-A963-72336DC7ABE2}.Debug.Appveyor|x86.ActiveCfg = Debug|Any CPU
		{2ECECFBF-5F3E-40EE-A963-72336DC7ABE2}.Debug|Any CPU.ActiveCfg = Debug|Any CPU
		{2ECECFBF-5F3E-40EE-A963-72336DC7ABE2}.Debug|Any CPU.Build.0 = Debug|Any CPU
		{2ECECFBF-5F3E-40EE-A963-72336DC7ABE2}.Debug|ARM.ActiveCfg = Debug|Any CPU
		{2ECECFBF-5F3E-40EE-A963-72336DC7ABE2}.Debug|Mixed Platforms.ActiveCfg = Debug|Any CPU
		{2ECECFBF-5F3E-40EE-A963-72336DC7ABE2}.Debug|Mixed Platforms.Build.0 = Debug|Any CPU
		{2ECECFBF-5F3E-40EE-A963-72336DC7ABE2}.Debug|x64.ActiveCfg = Debug|Any CPU
		{2ECECFBF-5F3E-40EE-A963-72336DC7ABE2}.Debug|x64.Build.0 = Debug|Any CPU
		{2ECECFBF-5F3E-40EE-A963-72336DC7ABE2}.Debug|x86.ActiveCfg = Debug|Any CPU
		{2ECECFBF-5F3E-40EE-A963-72336DC7ABE2}.Release|Any CPU.ActiveCfg = Release|Any CPU
		{2ECECFBF-5F3E-40EE-A963-72336DC7ABE2}.Release|Any CPU.Build.0 = Release|Any CPU
		{2ECECFBF-5F3E-40EE-A963-72336DC7ABE2}.Release|ARM.ActiveCfg = Release|Any CPU
		{2ECECFBF-5F3E-40EE-A963-72336DC7ABE2}.Release|Mixed Platforms.ActiveCfg = Release|Any CPU
		{2ECECFBF-5F3E-40EE-A963-72336DC7ABE2}.Release|Mixed Platforms.Build.0 = Release|Any CPU
		{2ECECFBF-5F3E-40EE-A963-72336DC7ABE2}.Release|x64.ActiveCfg = Release|Any CPU
		{2ECECFBF-5F3E-40EE-A963-72336DC7ABE2}.Release|x64.Build.0 = Release|Any CPU
		{2ECECFBF-5F3E-40EE-A963-72336DC7ABE2}.Release|x86.ActiveCfg = Release|Any CPU
		{1464E4AC-18BB-4F23-8A0B-68196F9E1871}.Debug.Appveyor|Any CPU.ActiveCfg = Debug|Any CPU
		{1464E4AC-18BB-4F23-8A0B-68196F9E1871}.Debug.Appveyor|Any CPU.Build.0 = Debug|Any CPU
		{1464E4AC-18BB-4F23-8A0B-68196F9E1871}.Debug.Appveyor|ARM.ActiveCfg = Debug|Any CPU
		{1464E4AC-18BB-4F23-8A0B-68196F9E1871}.Debug.Appveyor|Mixed Platforms.ActiveCfg = Debug|Any CPU
		{1464E4AC-18BB-4F23-8A0B-68196F9E1871}.Debug.Appveyor|Mixed Platforms.Build.0 = Debug|Any CPU
		{1464E4AC-18BB-4F23-8A0B-68196F9E1871}.Debug.Appveyor|x64.ActiveCfg = Debug|Any CPU
		{1464E4AC-18BB-4F23-8A0B-68196F9E1871}.Debug.Appveyor|x64.Build.0 = Debug|Any CPU
		{1464E4AC-18BB-4F23-8A0B-68196F9E1871}.Debug.Appveyor|x86.ActiveCfg = Debug|Any CPU
		{1464E4AC-18BB-4F23-8A0B-68196F9E1871}.Debug|Any CPU.ActiveCfg = Debug|Any CPU
		{1464E4AC-18BB-4F23-8A0B-68196F9E1871}.Debug|Any CPU.Build.0 = Debug|Any CPU
		{1464E4AC-18BB-4F23-8A0B-68196F9E1871}.Debug|ARM.ActiveCfg = Debug|Any CPU
		{1464E4AC-18BB-4F23-8A0B-68196F9E1871}.Debug|Mixed Platforms.ActiveCfg = Debug|Any CPU
		{1464E4AC-18BB-4F23-8A0B-68196F9E1871}.Debug|Mixed Platforms.Build.0 = Debug|Any CPU
		{1464E4AC-18BB-4F23-8A0B-68196F9E1871}.Debug|x64.ActiveCfg = Debug|Any CPU
		{1464E4AC-18BB-4F23-8A0B-68196F9E1871}.Debug|x64.Build.0 = Debug|Any CPU
		{1464E4AC-18BB-4F23-8A0B-68196F9E1871}.Debug|x86.ActiveCfg = Debug|Any CPU
		{1464E4AC-18BB-4F23-8A0B-68196F9E1871}.Release|Any CPU.ActiveCfg = Release|Any CPU
		{1464E4AC-18BB-4F23-8A0B-68196F9E1871}.Release|Any CPU.Build.0 = Release|Any CPU
		{1464E4AC-18BB-4F23-8A0B-68196F9E1871}.Release|ARM.ActiveCfg = Release|Any CPU
		{1464E4AC-18BB-4F23-8A0B-68196F9E1871}.Release|Mixed Platforms.ActiveCfg = Release|Any CPU
		{1464E4AC-18BB-4F23-8A0B-68196F9E1871}.Release|Mixed Platforms.Build.0 = Release|Any CPU
		{1464E4AC-18BB-4F23-8A0B-68196F9E1871}.Release|x64.ActiveCfg = Release|Any CPU
		{1464E4AC-18BB-4F23-8A0B-68196F9E1871}.Release|x64.Build.0 = Release|Any CPU
		{1464E4AC-18BB-4F23-8A0B-68196F9E1871}.Release|x86.ActiveCfg = Release|Any CPU
		{47D3EBB9-0300-4AF8-BAC5-740D51454A63}.Debug.Appveyor|Any CPU.ActiveCfg = Debug|Any CPU
		{47D3EBB9-0300-4AF8-BAC5-740D51454A63}.Debug.Appveyor|Any CPU.Build.0 = Debug|Any CPU
		{47D3EBB9-0300-4AF8-BAC5-740D51454A63}.Debug.Appveyor|ARM.ActiveCfg = Debug|Any CPU
		{47D3EBB9-0300-4AF8-BAC5-740D51454A63}.Debug.Appveyor|Mixed Platforms.ActiveCfg = Debug.Appveyor|Any CPU
		{47D3EBB9-0300-4AF8-BAC5-740D51454A63}.Debug.Appveyor|Mixed Platforms.Build.0 = Debug.Appveyor|Any CPU
		{47D3EBB9-0300-4AF8-BAC5-740D51454A63}.Debug.Appveyor|x64.ActiveCfg = Debug.Appveyor|Any CPU
		{47D3EBB9-0300-4AF8-BAC5-740D51454A63}.Debug.Appveyor|x64.Build.0 = Debug.Appveyor|Any CPU
		{47D3EBB9-0300-4AF8-BAC5-740D51454A63}.Debug.Appveyor|x86.ActiveCfg = Debug|Any CPU
		{47D3EBB9-0300-4AF8-BAC5-740D51454A63}.Debug|Any CPU.ActiveCfg = Debug|Any CPU
		{47D3EBB9-0300-4AF8-BAC5-740D51454A63}.Debug|Any CPU.Build.0 = Debug|Any CPU
		{47D3EBB9-0300-4AF8-BAC5-740D51454A63}.Debug|ARM.ActiveCfg = Debug|Any CPU
		{47D3EBB9-0300-4AF8-BAC5-740D51454A63}.Debug|Mixed Platforms.ActiveCfg = Debug|Any CPU
		{47D3EBB9-0300-4AF8-BAC5-740D51454A63}.Debug|Mixed Platforms.Build.0 = Debug|Any CPU
		{47D3EBB9-0300-4AF8-BAC5-740D51454A63}.Debug|x64.ActiveCfg = Debug|Any CPU
		{47D3EBB9-0300-4AF8-BAC5-740D51454A63}.Debug|x64.Build.0 = Debug|Any CPU
		{47D3EBB9-0300-4AF8-BAC5-740D51454A63}.Debug|x86.ActiveCfg = Debug|Any CPU
		{47D3EBB9-0300-4AF8-BAC5-740D51454A63}.Release|Any CPU.ActiveCfg = Release|Any CPU
		{47D3EBB9-0300-4AF8-BAC5-740D51454A63}.Release|Any CPU.Build.0 = Release|Any CPU
		{47D3EBB9-0300-4AF8-BAC5-740D51454A63}.Release|ARM.ActiveCfg = Release|Any CPU
		{47D3EBB9-0300-4AF8-BAC5-740D51454A63}.Release|Mixed Platforms.ActiveCfg = Release|Any CPU
		{47D3EBB9-0300-4AF8-BAC5-740D51454A63}.Release|Mixed Platforms.Build.0 = Release|Any CPU
		{47D3EBB9-0300-4AF8-BAC5-740D51454A63}.Release|x64.ActiveCfg = Release|Any CPU
		{47D3EBB9-0300-4AF8-BAC5-740D51454A63}.Release|x64.Build.0 = Release|Any CPU
		{47D3EBB9-0300-4AF8-BAC5-740D51454A63}.Release|x86.ActiveCfg = Release|Any CPU
		{11F84600-0978-48B9-A28F-63B3781E54B3}.Debug.Appveyor|Any CPU.ActiveCfg = Debug|Any CPU
		{11F84600-0978-48B9-A28F-63B3781E54B3}.Debug.Appveyor|Any CPU.Build.0 = Debug|Any CPU
		{11F84600-0978-48B9-A28F-63B3781E54B3}.Debug.Appveyor|ARM.ActiveCfg = Debug|Any CPU
		{11F84600-0978-48B9-A28F-63B3781E54B3}.Debug.Appveyor|Mixed Platforms.ActiveCfg = Debug|Any CPU
		{11F84600-0978-48B9-A28F-63B3781E54B3}.Debug.Appveyor|Mixed Platforms.Build.0 = Debug|Any CPU
		{11F84600-0978-48B9-A28F-63B3781E54B3}.Debug.Appveyor|x64.ActiveCfg = Debug|Any CPU
		{11F84600-0978-48B9-A28F-63B3781E54B3}.Debug.Appveyor|x86.ActiveCfg = Debug|Any CPU
		{11F84600-0978-48B9-A28F-63B3781E54B3}.Debug|Any CPU.ActiveCfg = Debug|Any CPU
		{11F84600-0978-48B9-A28F-63B3781E54B3}.Debug|Any CPU.Build.0 = Debug|Any CPU
		{11F84600-0978-48B9-A28F-63B3781E54B3}.Debug|ARM.ActiveCfg = Debug|Any CPU
		{11F84600-0978-48B9-A28F-63B3781E54B3}.Debug|Mixed Platforms.ActiveCfg = Debug|Any CPU
		{11F84600-0978-48B9-A28F-63B3781E54B3}.Debug|Mixed Platforms.Build.0 = Debug|Any CPU
		{11F84600-0978-48B9-A28F-63B3781E54B3}.Debug|x64.ActiveCfg = Debug|Any CPU
		{11F84600-0978-48B9-A28F-63B3781E54B3}.Debug|x86.ActiveCfg = Debug|Any CPU
		{11F84600-0978-48B9-A28F-63B3781E54B3}.Release|Any CPU.ActiveCfg = Release|Any CPU
		{11F84600-0978-48B9-A28F-63B3781E54B3}.Release|Any CPU.Build.0 = Release|Any CPU
		{11F84600-0978-48B9-A28F-63B3781E54B3}.Release|ARM.ActiveCfg = Release|Any CPU
		{11F84600-0978-48B9-A28F-63B3781E54B3}.Release|Mixed Platforms.ActiveCfg = Release|Any CPU
		{11F84600-0978-48B9-A28F-63B3781E54B3}.Release|Mixed Platforms.Build.0 = Release|Any CPU
		{11F84600-0978-48B9-A28F-63B3781E54B3}.Release|x64.ActiveCfg = Release|Any CPU
		{11F84600-0978-48B9-A28F-63B3781E54B3}.Release|x86.ActiveCfg = Release|Any CPU
		{5FF943A5-260F-4042-B4CE-C4977BAD4EBB}.Debug.Appveyor|Any CPU.ActiveCfg = Debug|Any CPU
		{5FF943A5-260F-4042-B4CE-C4977BAD4EBB}.Debug.Appveyor|Any CPU.Build.0 = Debug|Any CPU
		{5FF943A5-260F-4042-B4CE-C4977BAD4EBB}.Debug.Appveyor|ARM.ActiveCfg = Debug|Any CPU
		{5FF943A5-260F-4042-B4CE-C4977BAD4EBB}.Debug.Appveyor|Mixed Platforms.ActiveCfg = Debug|Any CPU
		{5FF943A5-260F-4042-B4CE-C4977BAD4EBB}.Debug.Appveyor|Mixed Platforms.Build.0 = Debug|Any CPU
		{5FF943A5-260F-4042-B4CE-C4977BAD4EBB}.Debug.Appveyor|x64.ActiveCfg = Debug|Any CPU
		{5FF943A5-260F-4042-B4CE-C4977BAD4EBB}.Debug.Appveyor|x64.Build.0 = Debug|Any CPU
		{5FF943A5-260F-4042-B4CE-C4977BAD4EBB}.Debug.Appveyor|x86.ActiveCfg = Debug|Any CPU
		{5FF943A5-260F-4042-B4CE-C4977BAD4EBB}.Debug|Any CPU.ActiveCfg = Debug|Any CPU
		{5FF943A5-260F-4042-B4CE-C4977BAD4EBB}.Debug|Any CPU.Build.0 = Debug|Any CPU
		{5FF943A5-260F-4042-B4CE-C4977BAD4EBB}.Debug|ARM.ActiveCfg = Debug|Any CPU
		{5FF943A5-260F-4042-B4CE-C4977BAD4EBB}.Debug|Mixed Platforms.ActiveCfg = Debug|Any CPU
		{5FF943A5-260F-4042-B4CE-C4977BAD4EBB}.Debug|Mixed Platforms.Build.0 = Debug|Any CPU
		{5FF943A5-260F-4042-B4CE-C4977BAD4EBB}.Debug|x64.ActiveCfg = Debug|Any CPU
		{5FF943A5-260F-4042-B4CE-C4977BAD4EBB}.Debug|x64.Build.0 = Debug|Any CPU
		{5FF943A5-260F-4042-B4CE-C4977BAD4EBB}.Debug|x86.ActiveCfg = Debug|Any CPU
		{5FF943A5-260F-4042-B4CE-C4977BAD4EBB}.Release|Any CPU.ActiveCfg = Release|Any CPU
		{5FF943A5-260F-4042-B4CE-C4977BAD4EBB}.Release|Any CPU.Build.0 = Release|Any CPU
		{5FF943A5-260F-4042-B4CE-C4977BAD4EBB}.Release|ARM.ActiveCfg = Release|Any CPU
		{5FF943A5-260F-4042-B4CE-C4977BAD4EBB}.Release|Mixed Platforms.ActiveCfg = Release|Any CPU
		{5FF943A5-260F-4042-B4CE-C4977BAD4EBB}.Release|Mixed Platforms.Build.0 = Release|Any CPU
		{5FF943A5-260F-4042-B4CE-C4977BAD4EBB}.Release|x64.ActiveCfg = Release|Any CPU
		{5FF943A5-260F-4042-B4CE-C4977BAD4EBB}.Release|x64.Build.0 = Release|Any CPU
		{5FF943A5-260F-4042-B4CE-C4977BAD4EBB}.Release|x86.ActiveCfg = Release|Any CPU
		{CCC30138-3D68-44D8-AF1A-D22F769EE8DC}.Debug.Appveyor|Any CPU.ActiveCfg = Debug|Any CPU
		{CCC30138-3D68-44D8-AF1A-D22F769EE8DC}.Debug.Appveyor|Any CPU.Build.0 = Debug|Any CPU
		{CCC30138-3D68-44D8-AF1A-D22F769EE8DC}.Debug.Appveyor|ARM.ActiveCfg = Debug|Any CPU
		{CCC30138-3D68-44D8-AF1A-D22F769EE8DC}.Debug.Appveyor|Mixed Platforms.ActiveCfg = Debug|Any CPU
		{CCC30138-3D68-44D8-AF1A-D22F769EE8DC}.Debug.Appveyor|Mixed Platforms.Build.0 = Debug|Any CPU
		{CCC30138-3D68-44D8-AF1A-D22F769EE8DC}.Debug.Appveyor|x64.ActiveCfg = Debug|Any CPU
		{CCC30138-3D68-44D8-AF1A-D22F769EE8DC}.Debug.Appveyor|x64.Build.0 = Debug|Any CPU
		{CCC30138-3D68-44D8-AF1A-D22F769EE8DC}.Debug.Appveyor|x86.ActiveCfg = Debug|Any CPU
		{CCC30138-3D68-44D8-AF1A-D22F769EE8DC}.Debug|Any CPU.ActiveCfg = Debug|Any CPU
		{CCC30138-3D68-44D8-AF1A-D22F769EE8DC}.Debug|Any CPU.Build.0 = Debug|Any CPU
		{CCC30138-3D68-44D8-AF1A-D22F769EE8DC}.Debug|ARM.ActiveCfg = Debug|Any CPU
		{CCC30138-3D68-44D8-AF1A-D22F769EE8DC}.Debug|Mixed Platforms.ActiveCfg = Debug|Any CPU
		{CCC30138-3D68-44D8-AF1A-D22F769EE8DC}.Debug|Mixed Platforms.Build.0 = Debug|Any CPU
		{CCC30138-3D68-44D8-AF1A-D22F769EE8DC}.Debug|x64.ActiveCfg = Debug|Any CPU
		{CCC30138-3D68-44D8-AF1A-D22F769EE8DC}.Debug|x64.Build.0 = Debug|Any CPU
		{CCC30138-3D68-44D8-AF1A-D22F769EE8DC}.Debug|x86.ActiveCfg = Debug|Any CPU
		{CCC30138-3D68-44D8-AF1A-D22F769EE8DC}.Release|Any CPU.ActiveCfg = Release|Any CPU
		{CCC30138-3D68-44D8-AF1A-D22F769EE8DC}.Release|Any CPU.Build.0 = Release|Any CPU
		{CCC30138-3D68-44D8-AF1A-D22F769EE8DC}.Release|ARM.ActiveCfg = Release|Any CPU
		{CCC30138-3D68-44D8-AF1A-D22F769EE8DC}.Release|Mixed Platforms.ActiveCfg = Release|Any CPU
		{CCC30138-3D68-44D8-AF1A-D22F769EE8DC}.Release|Mixed Platforms.Build.0 = Release|Any CPU
		{CCC30138-3D68-44D8-AF1A-D22F769EE8DC}.Release|x64.ActiveCfg = Release|Any CPU
		{CCC30138-3D68-44D8-AF1A-D22F769EE8DC}.Release|x64.Build.0 = Release|Any CPU
		{CCC30138-3D68-44D8-AF1A-D22F769EE8DC}.Release|x86.ActiveCfg = Release|Any CPU
		{D5D62FE9-1679-4697-BDC6-9574D907A717}.Debug.Appveyor|Any CPU.ActiveCfg = Debug|Any CPU
		{D5D62FE9-1679-4697-BDC6-9574D907A717}.Debug.Appveyor|Any CPU.Build.0 = Debug|Any CPU
		{D5D62FE9-1679-4697-BDC6-9574D907A717}.Debug.Appveyor|ARM.ActiveCfg = Debug|Any CPU
		{D5D62FE9-1679-4697-BDC6-9574D907A717}.Debug.Appveyor|Mixed Platforms.ActiveCfg = Debug|Any CPU
		{D5D62FE9-1679-4697-BDC6-9574D907A717}.Debug.Appveyor|Mixed Platforms.Build.0 = Debug|Any CPU
		{D5D62FE9-1679-4697-BDC6-9574D907A717}.Debug.Appveyor|x64.ActiveCfg = Debug|Any CPU
		{D5D62FE9-1679-4697-BDC6-9574D907A717}.Debug.Appveyor|x64.Build.0 = Debug|Any CPU
		{D5D62FE9-1679-4697-BDC6-9574D907A717}.Debug.Appveyor|x86.ActiveCfg = Debug|Any CPU
		{D5D62FE9-1679-4697-BDC6-9574D907A717}.Debug|Any CPU.ActiveCfg = Debug|Any CPU
		{D5D62FE9-1679-4697-BDC6-9574D907A717}.Debug|Any CPU.Build.0 = Debug|Any CPU
		{D5D62FE9-1679-4697-BDC6-9574D907A717}.Debug|ARM.ActiveCfg = Debug|Any CPU
		{D5D62FE9-1679-4697-BDC6-9574D907A717}.Debug|Mixed Platforms.ActiveCfg = Debug|Any CPU
		{D5D62FE9-1679-4697-BDC6-9574D907A717}.Debug|Mixed Platforms.Build.0 = Debug|Any CPU
		{D5D62FE9-1679-4697-BDC6-9574D907A717}.Debug|x64.ActiveCfg = Debug|Any CPU
		{D5D62FE9-1679-4697-BDC6-9574D907A717}.Debug|x64.Build.0 = Debug|Any CPU
		{D5D62FE9-1679-4697-BDC6-9574D907A717}.Debug|x86.ActiveCfg = Debug|Any CPU
		{D5D62FE9-1679-4697-BDC6-9574D907A717}.Release|Any CPU.ActiveCfg = Release|Any CPU
		{D5D62FE9-1679-4697-BDC6-9574D907A717}.Release|Any CPU.Build.0 = Release|Any CPU
		{D5D62FE9-1679-4697-BDC6-9574D907A717}.Release|ARM.ActiveCfg = Release|Any CPU
		{D5D62FE9-1679-4697-BDC6-9574D907A717}.Release|Mixed Platforms.ActiveCfg = Release|Any CPU
		{D5D62FE9-1679-4697-BDC6-9574D907A717}.Release|Mixed Platforms.Build.0 = Release|Any CPU
		{D5D62FE9-1679-4697-BDC6-9574D907A717}.Release|x64.ActiveCfg = Release|Any CPU
		{D5D62FE9-1679-4697-BDC6-9574D907A717}.Release|x64.Build.0 = Release|Any CPU
		{D5D62FE9-1679-4697-BDC6-9574D907A717}.Release|x86.ActiveCfg = Release|Any CPU
		{53F45A1D-088B-4A2C-A8E2-5901F0DB5EA8}.Debug.Appveyor|Any CPU.ActiveCfg = Debug|Any CPU
		{53F45A1D-088B-4A2C-A8E2-5901F0DB5EA8}.Debug.Appveyor|Any CPU.Build.0 = Debug|Any CPU
		{53F45A1D-088B-4A2C-A8E2-5901F0DB5EA8}.Debug.Appveyor|ARM.ActiveCfg = Debug|Any CPU
		{53F45A1D-088B-4A2C-A8E2-5901F0DB5EA8}.Debug.Appveyor|Mixed Platforms.ActiveCfg = Debug|Any CPU
		{53F45A1D-088B-4A2C-A8E2-5901F0DB5EA8}.Debug.Appveyor|Mixed Platforms.Build.0 = Debug|Any CPU
		{53F45A1D-088B-4A2C-A8E2-5901F0DB5EA8}.Debug.Appveyor|x64.ActiveCfg = Debug|Any CPU
		{53F45A1D-088B-4A2C-A8E2-5901F0DB5EA8}.Debug.Appveyor|x64.Build.0 = Debug|Any CPU
		{53F45A1D-088B-4A2C-A8E2-5901F0DB5EA8}.Debug.Appveyor|x86.ActiveCfg = Debug|Any CPU
		{53F45A1D-088B-4A2C-A8E2-5901F0DB5EA8}.Debug|Any CPU.ActiveCfg = Debug|Any CPU
		{53F45A1D-088B-4A2C-A8E2-5901F0DB5EA8}.Debug|Any CPU.Build.0 = Debug|Any CPU
		{53F45A1D-088B-4A2C-A8E2-5901F0DB5EA8}.Debug|ARM.ActiveCfg = Debug|Any CPU
		{53F45A1D-088B-4A2C-A8E2-5901F0DB5EA8}.Debug|Mixed Platforms.ActiveCfg = Debug|Any CPU
		{53F45A1D-088B-4A2C-A8E2-5901F0DB5EA8}.Debug|Mixed Platforms.Build.0 = Debug|Any CPU
		{53F45A1D-088B-4A2C-A8E2-5901F0DB5EA8}.Debug|x64.ActiveCfg = Debug|Any CPU
		{53F45A1D-088B-4A2C-A8E2-5901F0DB5EA8}.Debug|x64.Build.0 = Debug|Any CPU
		{53F45A1D-088B-4A2C-A8E2-5901F0DB5EA8}.Debug|x86.ActiveCfg = Debug|Any CPU
		{53F45A1D-088B-4A2C-A8E2-5901F0DB5EA8}.Release|Any CPU.ActiveCfg = Release|Any CPU
		{53F45A1D-088B-4A2C-A8E2-5901F0DB5EA8}.Release|Any CPU.Build.0 = Release|Any CPU
		{53F45A1D-088B-4A2C-A8E2-5901F0DB5EA8}.Release|ARM.ActiveCfg = Release|Any CPU
		{53F45A1D-088B-4A2C-A8E2-5901F0DB5EA8}.Release|Mixed Platforms.ActiveCfg = Release|Any CPU
		{53F45A1D-088B-4A2C-A8E2-5901F0DB5EA8}.Release|Mixed Platforms.Build.0 = Release|Any CPU
		{53F45A1D-088B-4A2C-A8E2-5901F0DB5EA8}.Release|x64.ActiveCfg = Release|Any CPU
		{53F45A1D-088B-4A2C-A8E2-5901F0DB5EA8}.Release|x64.Build.0 = Release|Any CPU
		{53F45A1D-088B-4A2C-A8E2-5901F0DB5EA8}.Release|x86.ActiveCfg = Release|Any CPU
		{353349A9-4E6C-4706-A1C4-8363EAE0DBF3}.Debug.Appveyor|Any CPU.ActiveCfg = Debug|Any CPU
		{353349A9-4E6C-4706-A1C4-8363EAE0DBF3}.Debug.Appveyor|Any CPU.Build.0 = Debug|Any CPU
		{353349A9-4E6C-4706-A1C4-8363EAE0DBF3}.Debug.Appveyor|ARM.ActiveCfg = Debug|Any CPU
		{353349A9-4E6C-4706-A1C4-8363EAE0DBF3}.Debug.Appveyor|Mixed Platforms.ActiveCfg = Debug|Any CPU
		{353349A9-4E6C-4706-A1C4-8363EAE0DBF3}.Debug.Appveyor|Mixed Platforms.Build.0 = Debug|Any CPU
		{353349A9-4E6C-4706-A1C4-8363EAE0DBF3}.Debug.Appveyor|x64.ActiveCfg = Debug|Any CPU
		{353349A9-4E6C-4706-A1C4-8363EAE0DBF3}.Debug.Appveyor|x64.Build.0 = Debug|Any CPU
		{353349A9-4E6C-4706-A1C4-8363EAE0DBF3}.Debug.Appveyor|x86.ActiveCfg = Debug|Any CPU
		{353349A9-4E6C-4706-A1C4-8363EAE0DBF3}.Debug|Any CPU.ActiveCfg = Debug|Any CPU
		{353349A9-4E6C-4706-A1C4-8363EAE0DBF3}.Debug|Any CPU.Build.0 = Debug|Any CPU
		{353349A9-4E6C-4706-A1C4-8363EAE0DBF3}.Debug|ARM.ActiveCfg = Debug|Any CPU
		{353349A9-4E6C-4706-A1C4-8363EAE0DBF3}.Debug|Mixed Platforms.ActiveCfg = Debug|Any CPU
		{353349A9-4E6C-4706-A1C4-8363EAE0DBF3}.Debug|Mixed Platforms.Build.0 = Debug|Any CPU
		{353349A9-4E6C-4706-A1C4-8363EAE0DBF3}.Debug|x64.ActiveCfg = Debug|Any CPU
		{353349A9-4E6C-4706-A1C4-8363EAE0DBF3}.Debug|x64.Build.0 = Debug|Any CPU
		{353349A9-4E6C-4706-A1C4-8363EAE0DBF3}.Debug|x86.ActiveCfg = Debug|Any CPU
		{353349A9-4E6C-4706-A1C4-8363EAE0DBF3}.Release|Any CPU.ActiveCfg = Release|Any CPU
		{353349A9-4E6C-4706-A1C4-8363EAE0DBF3}.Release|Any CPU.Build.0 = Release|Any CPU
		{353349A9-4E6C-4706-A1C4-8363EAE0DBF3}.Release|ARM.ActiveCfg = Release|Any CPU
		{353349A9-4E6C-4706-A1C4-8363EAE0DBF3}.Release|Mixed Platforms.ActiveCfg = Release|Any CPU
		{353349A9-4E6C-4706-A1C4-8363EAE0DBF3}.Release|Mixed Platforms.Build.0 = Release|Any CPU
		{353349A9-4E6C-4706-A1C4-8363EAE0DBF3}.Release|x64.ActiveCfg = Release|Any CPU
		{353349A9-4E6C-4706-A1C4-8363EAE0DBF3}.Release|x64.Build.0 = Release|Any CPU
		{353349A9-4E6C-4706-A1C4-8363EAE0DBF3}.Release|x86.ActiveCfg = Release|Any CPU
		{47C29B0E-D6F9-4FAA-B321-20053A1E3EE2}.Debug.Appveyor|Any CPU.ActiveCfg = Debug|Any CPU
		{47C29B0E-D6F9-4FAA-B321-20053A1E3EE2}.Debug.Appveyor|Any CPU.Build.0 = Debug|Any CPU
		{47C29B0E-D6F9-4FAA-B321-20053A1E3EE2}.Debug.Appveyor|ARM.ActiveCfg = Debug|Any CPU
		{47C29B0E-D6F9-4FAA-B321-20053A1E3EE2}.Debug.Appveyor|Mixed Platforms.ActiveCfg = Debug|Any CPU
		{47C29B0E-D6F9-4FAA-B321-20053A1E3EE2}.Debug.Appveyor|Mixed Platforms.Build.0 = Debug|Any CPU
		{47C29B0E-D6F9-4FAA-B321-20053A1E3EE2}.Debug.Appveyor|x64.ActiveCfg = Debug|Any CPU
		{47C29B0E-D6F9-4FAA-B321-20053A1E3EE2}.Debug.Appveyor|x64.Build.0 = Debug|Any CPU
		{47C29B0E-D6F9-4FAA-B321-20053A1E3EE2}.Debug.Appveyor|x86.ActiveCfg = Debug|Any CPU
		{47C29B0E-D6F9-4FAA-B321-20053A1E3EE2}.Debug|Any CPU.ActiveCfg = Debug|Any CPU
		{47C29B0E-D6F9-4FAA-B321-20053A1E3EE2}.Debug|Any CPU.Build.0 = Debug|Any CPU
		{47C29B0E-D6F9-4FAA-B321-20053A1E3EE2}.Debug|ARM.ActiveCfg = Debug|Any CPU
		{47C29B0E-D6F9-4FAA-B321-20053A1E3EE2}.Debug|Mixed Platforms.ActiveCfg = Debug|Any CPU
		{47C29B0E-D6F9-4FAA-B321-20053A1E3EE2}.Debug|Mixed Platforms.Build.0 = Debug|Any CPU
		{47C29B0E-D6F9-4FAA-B321-20053A1E3EE2}.Debug|x64.ActiveCfg = Debug|Any CPU
		{47C29B0E-D6F9-4FAA-B321-20053A1E3EE2}.Debug|x64.Build.0 = Debug|Any CPU
		{47C29B0E-D6F9-4FAA-B321-20053A1E3EE2}.Debug|x86.ActiveCfg = Debug|Any CPU
		{47C29B0E-D6F9-4FAA-B321-20053A1E3EE2}.Release|Any CPU.ActiveCfg = Release|Any CPU
		{47C29B0E-D6F9-4FAA-B321-20053A1E3EE2}.Release|Any CPU.Build.0 = Release|Any CPU
		{47C29B0E-D6F9-4FAA-B321-20053A1E3EE2}.Release|ARM.ActiveCfg = Release|Any CPU
		{47C29B0E-D6F9-4FAA-B321-20053A1E3EE2}.Release|Mixed Platforms.ActiveCfg = Release|Any CPU
		{47C29B0E-D6F9-4FAA-B321-20053A1E3EE2}.Release|Mixed Platforms.Build.0 = Release|Any CPU
		{47C29B0E-D6F9-4FAA-B321-20053A1E3EE2}.Release|x64.ActiveCfg = Release|Any CPU
		{47C29B0E-D6F9-4FAA-B321-20053A1E3EE2}.Release|x64.Build.0 = Release|Any CPU
		{47C29B0E-D6F9-4FAA-B321-20053A1E3EE2}.Release|x86.ActiveCfg = Release|Any CPU
		{3190E0DC-674C-4C41-A7A3-BD2F406963B0}.Debug.Appveyor|Any CPU.ActiveCfg = Debug|Any CPU
		{3190E0DC-674C-4C41-A7A3-BD2F406963B0}.Debug.Appveyor|Any CPU.Build.0 = Debug|Any CPU
		{3190E0DC-674C-4C41-A7A3-BD2F406963B0}.Debug.Appveyor|ARM.ActiveCfg = Debug|Any CPU
		{3190E0DC-674C-4C41-A7A3-BD2F406963B0}.Debug.Appveyor|Mixed Platforms.ActiveCfg = Debug|Any CPU
		{3190E0DC-674C-4C41-A7A3-BD2F406963B0}.Debug.Appveyor|Mixed Platforms.Build.0 = Debug|Any CPU
		{3190E0DC-674C-4C41-A7A3-BD2F406963B0}.Debug.Appveyor|x64.ActiveCfg = Debug|Any CPU
		{3190E0DC-674C-4C41-A7A3-BD2F406963B0}.Debug.Appveyor|x64.Build.0 = Debug|Any CPU
		{3190E0DC-674C-4C41-A7A3-BD2F406963B0}.Debug.Appveyor|x86.ActiveCfg = Debug|Any CPU
		{3190E0DC-674C-4C41-A7A3-BD2F406963B0}.Debug|Any CPU.ActiveCfg = Debug|Any CPU
		{3190E0DC-674C-4C41-A7A3-BD2F406963B0}.Debug|Any CPU.Build.0 = Debug|Any CPU
		{3190E0DC-674C-4C41-A7A3-BD2F406963B0}.Debug|ARM.ActiveCfg = Debug|Any CPU
		{3190E0DC-674C-4C41-A7A3-BD2F406963B0}.Debug|Mixed Platforms.ActiveCfg = Debug|Any CPU
		{3190E0DC-674C-4C41-A7A3-BD2F406963B0}.Debug|Mixed Platforms.Build.0 = Debug|Any CPU
		{3190E0DC-674C-4C41-A7A3-BD2F406963B0}.Debug|x64.ActiveCfg = Debug|Any CPU
		{3190E0DC-674C-4C41-A7A3-BD2F406963B0}.Debug|x64.Build.0 = Debug|Any CPU
		{3190E0DC-674C-4C41-A7A3-BD2F406963B0}.Debug|x86.ActiveCfg = Debug|Any CPU
		{3190E0DC-674C-4C41-A7A3-BD2F406963B0}.Release|Any CPU.ActiveCfg = Release|Any CPU
		{3190E0DC-674C-4C41-A7A3-BD2F406963B0}.Release|Any CPU.Build.0 = Release|Any CPU
		{3190E0DC-674C-4C41-A7A3-BD2F406963B0}.Release|ARM.ActiveCfg = Release|Any CPU
		{3190E0DC-674C-4C41-A7A3-BD2F406963B0}.Release|Mixed Platforms.ActiveCfg = Release|Any CPU
		{3190E0DC-674C-4C41-A7A3-BD2F406963B0}.Release|Mixed Platforms.Build.0 = Release|Any CPU
		{3190E0DC-674C-4C41-A7A3-BD2F406963B0}.Release|x64.ActiveCfg = Release|Any CPU
		{3190E0DC-674C-4C41-A7A3-BD2F406963B0}.Release|x64.Build.0 = Release|Any CPU
		{3190E0DC-674C-4C41-A7A3-BD2F406963B0}.Release|x86.ActiveCfg = Release|Any CPU
		{60CF35B5-ABE3-47E4-BA0C-0ABAF1618475}.Debug.Appveyor|Any CPU.ActiveCfg = Debug|Any CPU
		{60CF35B5-ABE3-47E4-BA0C-0ABAF1618475}.Debug.Appveyor|Any CPU.Build.0 = Debug|Any CPU
		{60CF35B5-ABE3-47E4-BA0C-0ABAF1618475}.Debug.Appveyor|ARM.ActiveCfg = Debug|Any CPU
		{60CF35B5-ABE3-47E4-BA0C-0ABAF1618475}.Debug.Appveyor|Mixed Platforms.ActiveCfg = Debug|Any CPU
		{60CF35B5-ABE3-47E4-BA0C-0ABAF1618475}.Debug.Appveyor|Mixed Platforms.Build.0 = Debug|Any CPU
		{60CF35B5-ABE3-47E4-BA0C-0ABAF1618475}.Debug.Appveyor|x64.ActiveCfg = Debug|Any CPU
		{60CF35B5-ABE3-47E4-BA0C-0ABAF1618475}.Debug.Appveyor|x64.Build.0 = Debug|Any CPU
		{60CF35B5-ABE3-47E4-BA0C-0ABAF1618475}.Debug.Appveyor|x86.ActiveCfg = Debug|Any CPU
		{60CF35B5-ABE3-47E4-BA0C-0ABAF1618475}.Debug|Any CPU.ActiveCfg = Debug|Any CPU
		{60CF35B5-ABE3-47E4-BA0C-0ABAF1618475}.Debug|Any CPU.Build.0 = Debug|Any CPU
		{60CF35B5-ABE3-47E4-BA0C-0ABAF1618475}.Debug|ARM.ActiveCfg = Debug|Any CPU
		{60CF35B5-ABE3-47E4-BA0C-0ABAF1618475}.Debug|Mixed Platforms.ActiveCfg = Debug|Any CPU
		{60CF35B5-ABE3-47E4-BA0C-0ABAF1618475}.Debug|Mixed Platforms.Build.0 = Debug|Any CPU
		{60CF35B5-ABE3-47E4-BA0C-0ABAF1618475}.Debug|x64.ActiveCfg = Debug|Any CPU
		{60CF35B5-ABE3-47E4-BA0C-0ABAF1618475}.Debug|x64.Build.0 = Debug|Any CPU
		{60CF35B5-ABE3-47E4-BA0C-0ABAF1618475}.Debug|x86.ActiveCfg = Debug|Any CPU
		{60CF35B5-ABE3-47E4-BA0C-0ABAF1618475}.Release|Any CPU.ActiveCfg = Release|Any CPU
		{60CF35B5-ABE3-47E4-BA0C-0ABAF1618475}.Release|Any CPU.Build.0 = Release|Any CPU
		{60CF35B5-ABE3-47E4-BA0C-0ABAF1618475}.Release|ARM.ActiveCfg = Release|Any CPU
		{60CF35B5-ABE3-47E4-BA0C-0ABAF1618475}.Release|Mixed Platforms.ActiveCfg = Release|Any CPU
		{60CF35B5-ABE3-47E4-BA0C-0ABAF1618475}.Release|Mixed Platforms.Build.0 = Release|Any CPU
		{60CF35B5-ABE3-47E4-BA0C-0ABAF1618475}.Release|x64.ActiveCfg = Release|Any CPU
		{60CF35B5-ABE3-47E4-BA0C-0ABAF1618475}.Release|x64.Build.0 = Release|Any CPU
		{60CF35B5-ABE3-47E4-BA0C-0ABAF1618475}.Release|x86.ActiveCfg = Release|Any CPU
		{3AC3B97E-D5AF-4462-BF5D-0EC28F4619C6}.Debug.Appveyor|Any CPU.ActiveCfg = Debug|Any CPU
		{3AC3B97E-D5AF-4462-BF5D-0EC28F4619C6}.Debug.Appveyor|Any CPU.Build.0 = Debug|Any CPU
		{3AC3B97E-D5AF-4462-BF5D-0EC28F4619C6}.Debug.Appveyor|ARM.ActiveCfg = Debug|Any CPU
		{3AC3B97E-D5AF-4462-BF5D-0EC28F4619C6}.Debug.Appveyor|Mixed Platforms.ActiveCfg = Debug|Any CPU
		{3AC3B97E-D5AF-4462-BF5D-0EC28F4619C6}.Debug.Appveyor|Mixed Platforms.Build.0 = Debug|Any CPU
		{3AC3B97E-D5AF-4462-BF5D-0EC28F4619C6}.Debug.Appveyor|x64.ActiveCfg = Debug|Any CPU
		{3AC3B97E-D5AF-4462-BF5D-0EC28F4619C6}.Debug.Appveyor|x64.Build.0 = Debug|Any CPU
		{3AC3B97E-D5AF-4462-BF5D-0EC28F4619C6}.Debug.Appveyor|x86.ActiveCfg = Debug|Any CPU
		{3AC3B97E-D5AF-4462-BF5D-0EC28F4619C6}.Debug|Any CPU.ActiveCfg = Debug|Any CPU
		{3AC3B97E-D5AF-4462-BF5D-0EC28F4619C6}.Debug|Any CPU.Build.0 = Debug|Any CPU
		{3AC3B97E-D5AF-4462-BF5D-0EC28F4619C6}.Debug|ARM.ActiveCfg = Debug|Any CPU
		{3AC3B97E-D5AF-4462-BF5D-0EC28F4619C6}.Debug|Mixed Platforms.ActiveCfg = Debug|Any CPU
		{3AC3B97E-D5AF-4462-BF5D-0EC28F4619C6}.Debug|Mixed Platforms.Build.0 = Debug|Any CPU
		{3AC3B97E-D5AF-4462-BF5D-0EC28F4619C6}.Debug|x64.ActiveCfg = Debug|Any CPU
		{3AC3B97E-D5AF-4462-BF5D-0EC28F4619C6}.Debug|x64.Build.0 = Debug|Any CPU
		{3AC3B97E-D5AF-4462-BF5D-0EC28F4619C6}.Debug|x86.ActiveCfg = Debug|Any CPU
		{3AC3B97E-D5AF-4462-BF5D-0EC28F4619C6}.Release|Any CPU.ActiveCfg = Release|Any CPU
		{3AC3B97E-D5AF-4462-BF5D-0EC28F4619C6}.Release|Any CPU.Build.0 = Release|Any CPU
		{3AC3B97E-D5AF-4462-BF5D-0EC28F4619C6}.Release|ARM.ActiveCfg = Release|Any CPU
		{3AC3B97E-D5AF-4462-BF5D-0EC28F4619C6}.Release|Mixed Platforms.ActiveCfg = Release|Any CPU
		{3AC3B97E-D5AF-4462-BF5D-0EC28F4619C6}.Release|Mixed Platforms.Build.0 = Release|Any CPU
		{3AC3B97E-D5AF-4462-BF5D-0EC28F4619C6}.Release|x64.ActiveCfg = Release|Any CPU
		{3AC3B97E-D5AF-4462-BF5D-0EC28F4619C6}.Release|x64.Build.0 = Release|Any CPU
		{3AC3B97E-D5AF-4462-BF5D-0EC28F4619C6}.Release|x86.ActiveCfg = Release|Any CPU
		{ED71EEE1-29E5-437A-A4C7-06DA0EC1AA92}.Debug.Appveyor|Any CPU.ActiveCfg = Debug|Any CPU
		{ED71EEE1-29E5-437A-A4C7-06DA0EC1AA92}.Debug.Appveyor|Any CPU.Build.0 = Debug|Any CPU
		{ED71EEE1-29E5-437A-A4C7-06DA0EC1AA92}.Debug.Appveyor|ARM.ActiveCfg = Debug|Any CPU
		{ED71EEE1-29E5-437A-A4C7-06DA0EC1AA92}.Debug.Appveyor|Mixed Platforms.ActiveCfg = Debug|Any CPU
		{ED71EEE1-29E5-437A-A4C7-06DA0EC1AA92}.Debug.Appveyor|Mixed Platforms.Build.0 = Debug|Any CPU
		{ED71EEE1-29E5-437A-A4C7-06DA0EC1AA92}.Debug.Appveyor|x64.ActiveCfg = Debug|Any CPU
		{ED71EEE1-29E5-437A-A4C7-06DA0EC1AA92}.Debug.Appveyor|x64.Build.0 = Debug|Any CPU
		{ED71EEE1-29E5-437A-A4C7-06DA0EC1AA92}.Debug.Appveyor|x86.ActiveCfg = Debug|Any CPU
		{ED71EEE1-29E5-437A-A4C7-06DA0EC1AA92}.Debug|Any CPU.ActiveCfg = Debug|Any CPU
		{ED71EEE1-29E5-437A-A4C7-06DA0EC1AA92}.Debug|Any CPU.Build.0 = Debug|Any CPU
		{ED71EEE1-29E5-437A-A4C7-06DA0EC1AA92}.Debug|ARM.ActiveCfg = Debug|Any CPU
		{ED71EEE1-29E5-437A-A4C7-06DA0EC1AA92}.Debug|Mixed Platforms.ActiveCfg = Debug|Any CPU
		{ED71EEE1-29E5-437A-A4C7-06DA0EC1AA92}.Debug|Mixed Platforms.Build.0 = Debug|Any CPU
		{ED71EEE1-29E5-437A-A4C7-06DA0EC1AA92}.Debug|x64.ActiveCfg = Debug|Any CPU
		{ED71EEE1-29E5-437A-A4C7-06DA0EC1AA92}.Debug|x64.Build.0 = Debug|Any CPU
		{ED71EEE1-29E5-437A-A4C7-06DA0EC1AA92}.Debug|x86.ActiveCfg = Debug|Any CPU
		{ED71EEE1-29E5-437A-A4C7-06DA0EC1AA92}.Release|Any CPU.ActiveCfg = Release|Any CPU
		{ED71EEE1-29E5-437A-A4C7-06DA0EC1AA92}.Release|Any CPU.Build.0 = Release|Any CPU
		{ED71EEE1-29E5-437A-A4C7-06DA0EC1AA92}.Release|ARM.ActiveCfg = Release|Any CPU
		{ED71EEE1-29E5-437A-A4C7-06DA0EC1AA92}.Release|Mixed Platforms.ActiveCfg = Release|Any CPU
		{ED71EEE1-29E5-437A-A4C7-06DA0EC1AA92}.Release|Mixed Platforms.Build.0 = Release|Any CPU
		{ED71EEE1-29E5-437A-A4C7-06DA0EC1AA92}.Release|x64.ActiveCfg = Release|Any CPU
		{ED71EEE1-29E5-437A-A4C7-06DA0EC1AA92}.Release|x64.Build.0 = Release|Any CPU
		{ED71EEE1-29E5-437A-A4C7-06DA0EC1AA92}.Release|x86.ActiveCfg = Release|Any CPU
		{EC77CB3A-A55C-4A00-8471-C9AADAE2EED4}.Debug.Appveyor|Any CPU.ActiveCfg = Debug|Any CPU
		{EC77CB3A-A55C-4A00-8471-C9AADAE2EED4}.Debug.Appveyor|Any CPU.Build.0 = Debug|Any CPU
		{EC77CB3A-A55C-4A00-8471-C9AADAE2EED4}.Debug.Appveyor|ARM.ActiveCfg = Debug|Any CPU
		{EC77CB3A-A55C-4A00-8471-C9AADAE2EED4}.Debug.Appveyor|Mixed Platforms.ActiveCfg = Debug|Any CPU
		{EC77CB3A-A55C-4A00-8471-C9AADAE2EED4}.Debug.Appveyor|Mixed Platforms.Build.0 = Debug|Any CPU
		{EC77CB3A-A55C-4A00-8471-C9AADAE2EED4}.Debug.Appveyor|x64.ActiveCfg = Debug|Any CPU
		{EC77CB3A-A55C-4A00-8471-C9AADAE2EED4}.Debug.Appveyor|x64.Build.0 = Debug|Any CPU
		{EC77CB3A-A55C-4A00-8471-C9AADAE2EED4}.Debug.Appveyor|x86.ActiveCfg = Debug|Any CPU
		{EC77CB3A-A55C-4A00-8471-C9AADAE2EED4}.Debug|Any CPU.ActiveCfg = Debug|Any CPU
		{EC77CB3A-A55C-4A00-8471-C9AADAE2EED4}.Debug|Any CPU.Build.0 = Debug|Any CPU
		{EC77CB3A-A55C-4A00-8471-C9AADAE2EED4}.Debug|ARM.ActiveCfg = Debug|Any CPU
		{EC77CB3A-A55C-4A00-8471-C9AADAE2EED4}.Debug|Mixed Platforms.ActiveCfg = Debug|Any CPU
		{EC77CB3A-A55C-4A00-8471-C9AADAE2EED4}.Debug|Mixed Platforms.Build.0 = Debug|Any CPU
		{EC77CB3A-A55C-4A00-8471-C9AADAE2EED4}.Debug|x64.ActiveCfg = Debug|Any CPU
		{EC77CB3A-A55C-4A00-8471-C9AADAE2EED4}.Debug|x64.Build.0 = Debug|Any CPU
		{EC77CB3A-A55C-4A00-8471-C9AADAE2EED4}.Debug|x86.ActiveCfg = Debug|Any CPU
		{EC77CB3A-A55C-4A00-8471-C9AADAE2EED4}.Release|Any CPU.ActiveCfg = Release|Any CPU
		{EC77CB3A-A55C-4A00-8471-C9AADAE2EED4}.Release|Any CPU.Build.0 = Release|Any CPU
		{EC77CB3A-A55C-4A00-8471-C9AADAE2EED4}.Release|ARM.ActiveCfg = Release|Any CPU
		{EC77CB3A-A55C-4A00-8471-C9AADAE2EED4}.Release|Mixed Platforms.ActiveCfg = Release|Any CPU
		{EC77CB3A-A55C-4A00-8471-C9AADAE2EED4}.Release|Mixed Platforms.Build.0 = Release|Any CPU
		{EC77CB3A-A55C-4A00-8471-C9AADAE2EED4}.Release|x64.ActiveCfg = Release|Any CPU
		{EC77CB3A-A55C-4A00-8471-C9AADAE2EED4}.Release|x64.Build.0 = Release|Any CPU
		{EC77CB3A-A55C-4A00-8471-C9AADAE2EED4}.Release|x86.ActiveCfg = Release|Any CPU
		{BD61DB80-63AC-4BFD-8232-A5C4DD9B8110}.Debug.Appveyor|Any CPU.ActiveCfg = Debug|Any CPU
		{BD61DB80-63AC-4BFD-8232-A5C4DD9B8110}.Debug.Appveyor|Any CPU.Build.0 = Debug|Any CPU
		{BD61DB80-63AC-4BFD-8232-A5C4DD9B8110}.Debug.Appveyor|ARM.ActiveCfg = Debug|Any CPU
		{BD61DB80-63AC-4BFD-8232-A5C4DD9B8110}.Debug.Appveyor|Mixed Platforms.ActiveCfg = Debug|Any CPU
		{BD61DB80-63AC-4BFD-8232-A5C4DD9B8110}.Debug.Appveyor|Mixed Platforms.Build.0 = Debug|Any CPU
		{BD61DB80-63AC-4BFD-8232-A5C4DD9B8110}.Debug.Appveyor|x64.ActiveCfg = Debug|Any CPU
		{BD61DB80-63AC-4BFD-8232-A5C4DD9B8110}.Debug.Appveyor|x64.Build.0 = Debug|Any CPU
		{BD61DB80-63AC-4BFD-8232-A5C4DD9B8110}.Debug.Appveyor|x86.ActiveCfg = Debug|Any CPU
		{BD61DB80-63AC-4BFD-8232-A5C4DD9B8110}.Debug|Any CPU.ActiveCfg = Debug|Any CPU
		{BD61DB80-63AC-4BFD-8232-A5C4DD9B8110}.Debug|Any CPU.Build.0 = Debug|Any CPU
		{BD61DB80-63AC-4BFD-8232-A5C4DD9B8110}.Debug|ARM.ActiveCfg = Debug|Any CPU
		{BD61DB80-63AC-4BFD-8232-A5C4DD9B8110}.Debug|Mixed Platforms.ActiveCfg = Debug|Any CPU
		{BD61DB80-63AC-4BFD-8232-A5C4DD9B8110}.Debug|Mixed Platforms.Build.0 = Debug|Any CPU
		{BD61DB80-63AC-4BFD-8232-A5C4DD9B8110}.Debug|x64.ActiveCfg = Debug|Any CPU
		{BD61DB80-63AC-4BFD-8232-A5C4DD9B8110}.Debug|x64.Build.0 = Debug|Any CPU
		{BD61DB80-63AC-4BFD-8232-A5C4DD9B8110}.Debug|x86.ActiveCfg = Debug|Any CPU
		{BD61DB80-63AC-4BFD-8232-A5C4DD9B8110}.Release|Any CPU.ActiveCfg = Release|Any CPU
		{BD61DB80-63AC-4BFD-8232-A5C4DD9B8110}.Release|Any CPU.Build.0 = Release|Any CPU
		{BD61DB80-63AC-4BFD-8232-A5C4DD9B8110}.Release|ARM.ActiveCfg = Release|Any CPU
		{BD61DB80-63AC-4BFD-8232-A5C4DD9B8110}.Release|Mixed Platforms.ActiveCfg = Release|Any CPU
		{BD61DB80-63AC-4BFD-8232-A5C4DD9B8110}.Release|Mixed Platforms.Build.0 = Release|Any CPU
		{BD61DB80-63AC-4BFD-8232-A5C4DD9B8110}.Release|x64.ActiveCfg = Release|Any CPU
		{BD61DB80-63AC-4BFD-8232-A5C4DD9B8110}.Release|x64.Build.0 = Release|Any CPU
		{BD61DB80-63AC-4BFD-8232-A5C4DD9B8110}.Release|x86.ActiveCfg = Release|Any CPU
		{142BC56F-48B2-4BAE-A33D-583D0B77232C}.Debug.Appveyor|Any CPU.ActiveCfg = Debug|Any CPU
		{142BC56F-48B2-4BAE-A33D-583D0B77232C}.Debug.Appveyor|Any CPU.Build.0 = Debug|Any CPU
		{142BC56F-48B2-4BAE-A33D-583D0B77232C}.Debug.Appveyor|ARM.ActiveCfg = Debug|Any CPU
		{142BC56F-48B2-4BAE-A33D-583D0B77232C}.Debug.Appveyor|Mixed Platforms.ActiveCfg = Debug|Any CPU
		{142BC56F-48B2-4BAE-A33D-583D0B77232C}.Debug.Appveyor|Mixed Platforms.Build.0 = Debug|Any CPU
		{142BC56F-48B2-4BAE-A33D-583D0B77232C}.Debug.Appveyor|x64.ActiveCfg = Debug|Any CPU
		{142BC56F-48B2-4BAE-A33D-583D0B77232C}.Debug.Appveyor|x64.Build.0 = Debug|Any CPU
		{142BC56F-48B2-4BAE-A33D-583D0B77232C}.Debug.Appveyor|x86.ActiveCfg = Debug|Any CPU
		{142BC56F-48B2-4BAE-A33D-583D0B77232C}.Debug|Any CPU.ActiveCfg = Debug|Any CPU
		{142BC56F-48B2-4BAE-A33D-583D0B77232C}.Debug|Any CPU.Build.0 = Debug|Any CPU
		{142BC56F-48B2-4BAE-A33D-583D0B77232C}.Debug|ARM.ActiveCfg = Debug|Any CPU
		{142BC56F-48B2-4BAE-A33D-583D0B77232C}.Debug|Mixed Platforms.ActiveCfg = Debug|Any CPU
		{142BC56F-48B2-4BAE-A33D-583D0B77232C}.Debug|Mixed Platforms.Build.0 = Debug|Any CPU
		{142BC56F-48B2-4BAE-A33D-583D0B77232C}.Debug|x64.ActiveCfg = Debug|Any CPU
		{142BC56F-48B2-4BAE-A33D-583D0B77232C}.Debug|x64.Build.0 = Debug|Any CPU
		{142BC56F-48B2-4BAE-A33D-583D0B77232C}.Debug|x86.ActiveCfg = Debug|Any CPU
		{142BC56F-48B2-4BAE-A33D-583D0B77232C}.Release|Any CPU.ActiveCfg = Release|Any CPU
		{142BC56F-48B2-4BAE-A33D-583D0B77232C}.Release|Any CPU.Build.0 = Release|Any CPU
		{142BC56F-48B2-4BAE-A33D-583D0B77232C}.Release|ARM.ActiveCfg = Release|Any CPU
		{142BC56F-48B2-4BAE-A33D-583D0B77232C}.Release|Mixed Platforms.ActiveCfg = Release|Any CPU
		{142BC56F-48B2-4BAE-A33D-583D0B77232C}.Release|Mixed Platforms.Build.0 = Release|Any CPU
		{142BC56F-48B2-4BAE-A33D-583D0B77232C}.Release|x64.ActiveCfg = Release|Any CPU
		{142BC56F-48B2-4BAE-A33D-583D0B77232C}.Release|x64.Build.0 = Release|Any CPU
		{142BC56F-48B2-4BAE-A33D-583D0B77232C}.Release|x86.ActiveCfg = Release|Any CPU
		{F4C74773-8D8E-4A7D-977B-DE985B4D49D9}.Debug.Appveyor|Any CPU.ActiveCfg = Debug|Any CPU
		{F4C74773-8D8E-4A7D-977B-DE985B4D49D9}.Debug.Appveyor|Any CPU.Build.0 = Debug|Any CPU
		{F4C74773-8D8E-4A7D-977B-DE985B4D49D9}.Debug.Appveyor|ARM.ActiveCfg = Debug|Any CPU
		{F4C74773-8D8E-4A7D-977B-DE985B4D49D9}.Debug.Appveyor|Mixed Platforms.ActiveCfg = Debug|Any CPU
		{F4C74773-8D8E-4A7D-977B-DE985B4D49D9}.Debug.Appveyor|Mixed Platforms.Build.0 = Debug|Any CPU
		{F4C74773-8D8E-4A7D-977B-DE985B4D49D9}.Debug.Appveyor|x64.ActiveCfg = Debug|Any CPU
		{F4C74773-8D8E-4A7D-977B-DE985B4D49D9}.Debug.Appveyor|x64.Build.0 = Debug|Any CPU
		{F4C74773-8D8E-4A7D-977B-DE985B4D49D9}.Debug.Appveyor|x86.ActiveCfg = Debug|Any CPU
		{F4C74773-8D8E-4A7D-977B-DE985B4D49D9}.Debug|Any CPU.ActiveCfg = Debug|Any CPU
		{F4C74773-8D8E-4A7D-977B-DE985B4D49D9}.Debug|Any CPU.Build.0 = Debug|Any CPU
		{F4C74773-8D8E-4A7D-977B-DE985B4D49D9}.Debug|ARM.ActiveCfg = Debug|Any CPU
		{F4C74773-8D8E-4A7D-977B-DE985B4D49D9}.Debug|Mixed Platforms.ActiveCfg = Debug|Any CPU
		{F4C74773-8D8E-4A7D-977B-DE985B4D49D9}.Debug|Mixed Platforms.Build.0 = Debug|Any CPU
		{F4C74773-8D8E-4A7D-977B-DE985B4D49D9}.Debug|x64.ActiveCfg = Debug|Any CPU
		{F4C74773-8D8E-4A7D-977B-DE985B4D49D9}.Debug|x64.Build.0 = Debug|Any CPU
		{F4C74773-8D8E-4A7D-977B-DE985B4D49D9}.Debug|x86.ActiveCfg = Debug|Any CPU
		{F4C74773-8D8E-4A7D-977B-DE985B4D49D9}.Release|Any CPU.ActiveCfg = Release|Any CPU
		{F4C74773-8D8E-4A7D-977B-DE985B4D49D9}.Release|Any CPU.Build.0 = Release|Any CPU
		{F4C74773-8D8E-4A7D-977B-DE985B4D49D9}.Release|ARM.ActiveCfg = Release|Any CPU
		{F4C74773-8D8E-4A7D-977B-DE985B4D49D9}.Release|Mixed Platforms.ActiveCfg = Release|Any CPU
		{F4C74773-8D8E-4A7D-977B-DE985B4D49D9}.Release|Mixed Platforms.Build.0 = Release|Any CPU
		{F4C74773-8D8E-4A7D-977B-DE985B4D49D9}.Release|x64.ActiveCfg = Release|Any CPU
		{F4C74773-8D8E-4A7D-977B-DE985B4D49D9}.Release|x64.Build.0 = Release|Any CPU
		{F4C74773-8D8E-4A7D-977B-DE985B4D49D9}.Release|x86.ActiveCfg = Release|Any CPU
		{25D4AAB0-B538-4F13-AB0E-96247307858B}.Debug.Appveyor|Any CPU.ActiveCfg = Debug|Any CPU
		{25D4AAB0-B538-4F13-AB0E-96247307858B}.Debug.Appveyor|Any CPU.Build.0 = Debug|Any CPU
		{25D4AAB0-B538-4F13-AB0E-96247307858B}.Debug.Appveyor|ARM.ActiveCfg = Debug|Any CPU
		{25D4AAB0-B538-4F13-AB0E-96247307858B}.Debug.Appveyor|Mixed Platforms.ActiveCfg = Debug|Any CPU
		{25D4AAB0-B538-4F13-AB0E-96247307858B}.Debug.Appveyor|Mixed Platforms.Build.0 = Debug|Any CPU
		{25D4AAB0-B538-4F13-AB0E-96247307858B}.Debug.Appveyor|x64.ActiveCfg = Debug|Any CPU
		{25D4AAB0-B538-4F13-AB0E-96247307858B}.Debug.Appveyor|x64.Build.0 = Debug|Any CPU
		{25D4AAB0-B538-4F13-AB0E-96247307858B}.Debug.Appveyor|x86.ActiveCfg = Debug|Any CPU
		{25D4AAB0-B538-4F13-AB0E-96247307858B}.Debug|Any CPU.ActiveCfg = Debug|Any CPU
		{25D4AAB0-B538-4F13-AB0E-96247307858B}.Debug|Any CPU.Build.0 = Debug|Any CPU
		{25D4AAB0-B538-4F13-AB0E-96247307858B}.Debug|ARM.ActiveCfg = Debug|Any CPU
		{25D4AAB0-B538-4F13-AB0E-96247307858B}.Debug|Mixed Platforms.ActiveCfg = Debug|Any CPU
		{25D4AAB0-B538-4F13-AB0E-96247307858B}.Debug|Mixed Platforms.Build.0 = Debug|Any CPU
		{25D4AAB0-B538-4F13-AB0E-96247307858B}.Debug|x64.ActiveCfg = Debug|Any CPU
		{25D4AAB0-B538-4F13-AB0E-96247307858B}.Debug|x64.Build.0 = Debug|Any CPU
		{25D4AAB0-B538-4F13-AB0E-96247307858B}.Debug|x86.ActiveCfg = Debug|Any CPU
		{25D4AAB0-B538-4F13-AB0E-96247307858B}.Release|Any CPU.ActiveCfg = Release|Any CPU
		{25D4AAB0-B538-4F13-AB0E-96247307858B}.Release|Any CPU.Build.0 = Release|Any CPU
		{25D4AAB0-B538-4F13-AB0E-96247307858B}.Release|ARM.ActiveCfg = Release|Any CPU
		{25D4AAB0-B538-4F13-AB0E-96247307858B}.Release|Mixed Platforms.ActiveCfg = Release|Any CPU
		{25D4AAB0-B538-4F13-AB0E-96247307858B}.Release|Mixed Platforms.Build.0 = Release|Any CPU
		{25D4AAB0-B538-4F13-AB0E-96247307858B}.Release|x64.ActiveCfg = Release|Any CPU
		{25D4AAB0-B538-4F13-AB0E-96247307858B}.Release|x64.Build.0 = Release|Any CPU
		{25D4AAB0-B538-4F13-AB0E-96247307858B}.Release|x86.ActiveCfg = Release|Any CPU
		{67D441EA-FE5A-419F-ABD2-32E5B954A7C8}.Debug.Appveyor|Any CPU.ActiveCfg = Debug|Any CPU
		{67D441EA-FE5A-419F-ABD2-32E5B954A7C8}.Debug.Appveyor|Any CPU.Build.0 = Debug|Any CPU
		{67D441EA-FE5A-419F-ABD2-32E5B954A7C8}.Debug.Appveyor|ARM.ActiveCfg = Debug|Any CPU
		{67D441EA-FE5A-419F-ABD2-32E5B954A7C8}.Debug.Appveyor|Mixed Platforms.ActiveCfg = Debug|Any CPU
		{67D441EA-FE5A-419F-ABD2-32E5B954A7C8}.Debug.Appveyor|Mixed Platforms.Build.0 = Debug|Any CPU
		{67D441EA-FE5A-419F-ABD2-32E5B954A7C8}.Debug.Appveyor|x64.ActiveCfg = Debug|Any CPU
		{67D441EA-FE5A-419F-ABD2-32E5B954A7C8}.Debug.Appveyor|x64.Build.0 = Debug|Any CPU
		{67D441EA-FE5A-419F-ABD2-32E5B954A7C8}.Debug.Appveyor|x86.ActiveCfg = Debug|Any CPU
		{67D441EA-FE5A-419F-ABD2-32E5B954A7C8}.Debug|Any CPU.ActiveCfg = Debug|Any CPU
		{67D441EA-FE5A-419F-ABD2-32E5B954A7C8}.Debug|Any CPU.Build.0 = Debug|Any CPU
		{67D441EA-FE5A-419F-ABD2-32E5B954A7C8}.Debug|ARM.ActiveCfg = Debug|Any CPU
		{67D441EA-FE5A-419F-ABD2-32E5B954A7C8}.Debug|Mixed Platforms.ActiveCfg = Debug|Any CPU
		{67D441EA-FE5A-419F-ABD2-32E5B954A7C8}.Debug|Mixed Platforms.Build.0 = Debug|Any CPU
		{67D441EA-FE5A-419F-ABD2-32E5B954A7C8}.Debug|x64.ActiveCfg = Debug|Any CPU
		{67D441EA-FE5A-419F-ABD2-32E5B954A7C8}.Debug|x64.Build.0 = Debug|Any CPU
		{67D441EA-FE5A-419F-ABD2-32E5B954A7C8}.Debug|x86.ActiveCfg = Debug|Any CPU
		{67D441EA-FE5A-419F-ABD2-32E5B954A7C8}.Release|Any CPU.ActiveCfg = Release|Any CPU
		{67D441EA-FE5A-419F-ABD2-32E5B954A7C8}.Release|Any CPU.Build.0 = Release|Any CPU
		{67D441EA-FE5A-419F-ABD2-32E5B954A7C8}.Release|ARM.ActiveCfg = Release|Any CPU
		{67D441EA-FE5A-419F-ABD2-32E5B954A7C8}.Release|Mixed Platforms.ActiveCfg = Release|Any CPU
		{67D441EA-FE5A-419F-ABD2-32E5B954A7C8}.Release|Mixed Platforms.Build.0 = Release|Any CPU
		{67D441EA-FE5A-419F-ABD2-32E5B954A7C8}.Release|x64.ActiveCfg = Release|Any CPU
		{67D441EA-FE5A-419F-ABD2-32E5B954A7C8}.Release|x64.Build.0 = Release|Any CPU
		{67D441EA-FE5A-419F-ABD2-32E5B954A7C8}.Release|x86.ActiveCfg = Release|Any CPU
		{CE439183-9CC6-4767-9041-016E3576D0F6}.Debug.Appveyor|Any CPU.ActiveCfg = Debug|Any CPU
		{CE439183-9CC6-4767-9041-016E3576D0F6}.Debug.Appveyor|Any CPU.Build.0 = Debug|Any CPU
		{CE439183-9CC6-4767-9041-016E3576D0F6}.Debug.Appveyor|ARM.ActiveCfg = Debug|Any CPU
		{CE439183-9CC6-4767-9041-016E3576D0F6}.Debug.Appveyor|Mixed Platforms.ActiveCfg = Debug|Any CPU
		{CE439183-9CC6-4767-9041-016E3576D0F6}.Debug.Appveyor|Mixed Platforms.Build.0 = Debug|Any CPU
		{CE439183-9CC6-4767-9041-016E3576D0F6}.Debug.Appveyor|x64.ActiveCfg = Debug|Any CPU
		{CE439183-9CC6-4767-9041-016E3576D0F6}.Debug.Appveyor|x64.Build.0 = Debug|Any CPU
		{CE439183-9CC6-4767-9041-016E3576D0F6}.Debug.Appveyor|x86.ActiveCfg = Debug|Any CPU
		{CE439183-9CC6-4767-9041-016E3576D0F6}.Debug|Any CPU.ActiveCfg = Debug|Any CPU
		{CE439183-9CC6-4767-9041-016E3576D0F6}.Debug|Any CPU.Build.0 = Debug|Any CPU
		{CE439183-9CC6-4767-9041-016E3576D0F6}.Debug|ARM.ActiveCfg = Debug|Any CPU
		{CE439183-9CC6-4767-9041-016E3576D0F6}.Debug|Mixed Platforms.ActiveCfg = Debug|Any CPU
		{CE439183-9CC6-4767-9041-016E3576D0F6}.Debug|Mixed Platforms.Build.0 = Debug|Any CPU
		{CE439183-9CC6-4767-9041-016E3576D0F6}.Debug|x64.ActiveCfg = Debug|Any CPU
		{CE439183-9CC6-4767-9041-016E3576D0F6}.Debug|x64.Build.0 = Debug|Any CPU
		{CE439183-9CC6-4767-9041-016E3576D0F6}.Debug|x86.ActiveCfg = Debug|Any CPU
		{CE439183-9CC6-4767-9041-016E3576D0F6}.Release|Any CPU.ActiveCfg = Release|Any CPU
		{CE439183-9CC6-4767-9041-016E3576D0F6}.Release|Any CPU.Build.0 = Release|Any CPU
		{CE439183-9CC6-4767-9041-016E3576D0F6}.Release|ARM.ActiveCfg = Release|Any CPU
		{CE439183-9CC6-4767-9041-016E3576D0F6}.Release|Mixed Platforms.ActiveCfg = Release|Any CPU
		{CE439183-9CC6-4767-9041-016E3576D0F6}.Release|Mixed Platforms.Build.0 = Release|Any CPU
		{CE439183-9CC6-4767-9041-016E3576D0F6}.Release|x64.ActiveCfg = Release|Any CPU
		{CE439183-9CC6-4767-9041-016E3576D0F6}.Release|x64.Build.0 = Release|Any CPU
		{CE439183-9CC6-4767-9041-016E3576D0F6}.Release|x86.ActiveCfg = Release|Any CPU
		{1B662C38-984F-4B6A-89B5-AFF7FCBE43A2}.Debug.Appveyor|Any CPU.ActiveCfg = Debug|Any CPU
		{1B662C38-984F-4B6A-89B5-AFF7FCBE43A2}.Debug.Appveyor|Any CPU.Build.0 = Debug|Any CPU
		{1B662C38-984F-4B6A-89B5-AFF7FCBE43A2}.Debug.Appveyor|ARM.ActiveCfg = Debug|Any CPU
		{1B662C38-984F-4B6A-89B5-AFF7FCBE43A2}.Debug.Appveyor|Mixed Platforms.ActiveCfg = Debug|Any CPU
		{1B662C38-984F-4B6A-89B5-AFF7FCBE43A2}.Debug.Appveyor|x64.ActiveCfg = Debug|Any CPU
		{1B662C38-984F-4B6A-89B5-AFF7FCBE43A2}.Debug.Appveyor|x86.ActiveCfg = Debug|Any CPU
		{1B662C38-984F-4B6A-89B5-AFF7FCBE43A2}.Debug|Any CPU.ActiveCfg = Debug|Any CPU
		{1B662C38-984F-4B6A-89B5-AFF7FCBE43A2}.Debug|ARM.ActiveCfg = Debug|Any CPU
		{1B662C38-984F-4B6A-89B5-AFF7FCBE43A2}.Debug|Mixed Platforms.ActiveCfg = Debug|Any CPU
		{1B662C38-984F-4B6A-89B5-AFF7FCBE43A2}.Debug|Mixed Platforms.Build.0 = Debug|Any CPU
		{1B662C38-984F-4B6A-89B5-AFF7FCBE43A2}.Debug|x64.ActiveCfg = Debug|Any CPU
		{1B662C38-984F-4B6A-89B5-AFF7FCBE43A2}.Debug|x86.ActiveCfg = Debug|Any CPU
		{1B662C38-984F-4B6A-89B5-AFF7FCBE43A2}.Release|Any CPU.ActiveCfg = Release|Any CPU
		{1B662C38-984F-4B6A-89B5-AFF7FCBE43A2}.Release|ARM.ActiveCfg = Release|Any CPU
		{1B662C38-984F-4B6A-89B5-AFF7FCBE43A2}.Release|Mixed Platforms.ActiveCfg = Release|Any CPU
		{1B662C38-984F-4B6A-89B5-AFF7FCBE43A2}.Release|Mixed Platforms.Build.0 = Release|Any CPU
		{1B662C38-984F-4B6A-89B5-AFF7FCBE43A2}.Release|x64.ActiveCfg = Release|Any CPU
		{1B662C38-984F-4B6A-89B5-AFF7FCBE43A2}.Release|x86.ActiveCfg = Release|Any CPU
		{7CBC38E5-BABF-4E79-86CA-41C42222FC85}.Debug.Appveyor|Any CPU.ActiveCfg = Debug|Any CPU
		{7CBC38E5-BABF-4E79-86CA-41C42222FC85}.Debug.Appveyor|Any CPU.Build.0 = Debug|Any CPU
		{7CBC38E5-BABF-4E79-86CA-41C42222FC85}.Debug.Appveyor|ARM.ActiveCfg = Debug|Any CPU
		{7CBC38E5-BABF-4E79-86CA-41C42222FC85}.Debug.Appveyor|Mixed Platforms.ActiveCfg = Debug|Any CPU
		{7CBC38E5-BABF-4E79-86CA-41C42222FC85}.Debug.Appveyor|x64.ActiveCfg = Debug|Any CPU
		{7CBC38E5-BABF-4E79-86CA-41C42222FC85}.Debug.Appveyor|x86.ActiveCfg = Debug|Any CPU
		{7CBC38E5-BABF-4E79-86CA-41C42222FC85}.Debug|Any CPU.ActiveCfg = Debug|Any CPU
		{7CBC38E5-BABF-4E79-86CA-41C42222FC85}.Debug|ARM.ActiveCfg = Debug|Any CPU
		{7CBC38E5-BABF-4E79-86CA-41C42222FC85}.Debug|Mixed Platforms.ActiveCfg = Debug|Any CPU
		{7CBC38E5-BABF-4E79-86CA-41C42222FC85}.Debug|Mixed Platforms.Build.0 = Debug|Any CPU
		{7CBC38E5-BABF-4E79-86CA-41C42222FC85}.Debug|x64.ActiveCfg = Debug|Any CPU
		{7CBC38E5-BABF-4E79-86CA-41C42222FC85}.Debug|x86.ActiveCfg = Debug|Any CPU
		{7CBC38E5-BABF-4E79-86CA-41C42222FC85}.Release|Any CPU.ActiveCfg = Release|Any CPU
		{7CBC38E5-BABF-4E79-86CA-41C42222FC85}.Release|ARM.ActiveCfg = Release|Any CPU
		{7CBC38E5-BABF-4E79-86CA-41C42222FC85}.Release|Mixed Platforms.ActiveCfg = Release|Any CPU
		{7CBC38E5-BABF-4E79-86CA-41C42222FC85}.Release|Mixed Platforms.Build.0 = Release|Any CPU
		{7CBC38E5-BABF-4E79-86CA-41C42222FC85}.Release|x64.ActiveCfg = Release|Any CPU
		{7CBC38E5-BABF-4E79-86CA-41C42222FC85}.Release|x86.ActiveCfg = Release|Any CPU
		{E9A9D1C5-4E06-4D31-9809-A97188C70B2C}.Debug.Appveyor|Any CPU.ActiveCfg = Debug|Any CPU
		{E9A9D1C5-4E06-4D31-9809-A97188C70B2C}.Debug.Appveyor|Any CPU.Build.0 = Debug|Any CPU
		{E9A9D1C5-4E06-4D31-9809-A97188C70B2C}.Debug.Appveyor|ARM.ActiveCfg = Debug|Any CPU
		{E9A9D1C5-4E06-4D31-9809-A97188C70B2C}.Debug.Appveyor|Mixed Platforms.ActiveCfg = Debug|Any CPU
		{E9A9D1C5-4E06-4D31-9809-A97188C70B2C}.Debug.Appveyor|x64.ActiveCfg = Debug|Any CPU
		{E9A9D1C5-4E06-4D31-9809-A97188C70B2C}.Debug.Appveyor|x86.ActiveCfg = Debug|Any CPU
		{E9A9D1C5-4E06-4D31-9809-A97188C70B2C}.Debug|Any CPU.ActiveCfg = Debug|Any CPU
		{E9A9D1C5-4E06-4D31-9809-A97188C70B2C}.Debug|ARM.ActiveCfg = Debug|Any CPU
		{E9A9D1C5-4E06-4D31-9809-A97188C70B2C}.Debug|Mixed Platforms.ActiveCfg = Debug|Any CPU
		{E9A9D1C5-4E06-4D31-9809-A97188C70B2C}.Debug|Mixed Platforms.Build.0 = Debug|Any CPU
		{E9A9D1C5-4E06-4D31-9809-A97188C70B2C}.Debug|x64.ActiveCfg = Debug|Any CPU
		{E9A9D1C5-4E06-4D31-9809-A97188C70B2C}.Debug|x86.ActiveCfg = Debug|Any CPU
		{E9A9D1C5-4E06-4D31-9809-A97188C70B2C}.Release|Any CPU.ActiveCfg = Release|Any CPU
		{E9A9D1C5-4E06-4D31-9809-A97188C70B2C}.Release|ARM.ActiveCfg = Release|Any CPU
		{E9A9D1C5-4E06-4D31-9809-A97188C70B2C}.Release|Mixed Platforms.ActiveCfg = Release|Any CPU
		{E9A9D1C5-4E06-4D31-9809-A97188C70B2C}.Release|Mixed Platforms.Build.0 = Release|Any CPU
		{E9A9D1C5-4E06-4D31-9809-A97188C70B2C}.Release|x64.ActiveCfg = Release|Any CPU
		{E9A9D1C5-4E06-4D31-9809-A97188C70B2C}.Release|x86.ActiveCfg = Release|Any CPU
		{F4D48DF6-316E-4963-B5C1-59CA39B431B7}.Debug.Appveyor|Any CPU.ActiveCfg = Debug|Any CPU
		{F4D48DF6-316E-4963-B5C1-59CA39B431B7}.Debug.Appveyor|Any CPU.Build.0 = Debug|Any CPU
		{F4D48DF6-316E-4963-B5C1-59CA39B431B7}.Debug.Appveyor|ARM.ActiveCfg = Debug|ARM
		{F4D48DF6-316E-4963-B5C1-59CA39B431B7}.Debug.Appveyor|ARM.Build.0 = Debug|ARM
		{F4D48DF6-316E-4963-B5C1-59CA39B431B7}.Debug.Appveyor|Mixed Platforms.ActiveCfg = Debug|x86
		{F4D48DF6-316E-4963-B5C1-59CA39B431B7}.Debug.Appveyor|Mixed Platforms.Build.0 = Debug|x86
		{F4D48DF6-316E-4963-B5C1-59CA39B431B7}.Debug.Appveyor|x64.ActiveCfg = Debug|Any CPU
		{F4D48DF6-316E-4963-B5C1-59CA39B431B7}.Debug.Appveyor|x86.ActiveCfg = Debug|x86
		{F4D48DF6-316E-4963-B5C1-59CA39B431B7}.Debug.Appveyor|x86.Build.0 = Debug|x86
		{F4D48DF6-316E-4963-B5C1-59CA39B431B7}.Debug|Any CPU.ActiveCfg = Debug|Any CPU
		{F4D48DF6-316E-4963-B5C1-59CA39B431B7}.Debug|Any CPU.Build.0 = Debug|Any CPU
		{F4D48DF6-316E-4963-B5C1-59CA39B431B7}.Debug|ARM.ActiveCfg = Debug|ARM
		{F4D48DF6-316E-4963-B5C1-59CA39B431B7}.Debug|ARM.Build.0 = Debug|ARM
		{F4D48DF6-316E-4963-B5C1-59CA39B431B7}.Debug|Mixed Platforms.ActiveCfg = Debug|x86
		{F4D48DF6-316E-4963-B5C1-59CA39B431B7}.Debug|Mixed Platforms.Build.0 = Debug|x86
		{F4D48DF6-316E-4963-B5C1-59CA39B431B7}.Debug|x64.ActiveCfg = Debug|Any CPU
		{F4D48DF6-316E-4963-B5C1-59CA39B431B7}.Debug|x86.ActiveCfg = Debug|x86
		{F4D48DF6-316E-4963-B5C1-59CA39B431B7}.Debug|x86.Build.0 = Debug|x86
		{F4D48DF6-316E-4963-B5C1-59CA39B431B7}.Release|Any CPU.ActiveCfg = Release|Any CPU
		{F4D48DF6-316E-4963-B5C1-59CA39B431B7}.Release|Any CPU.Build.0 = Release|Any CPU
		{F4D48DF6-316E-4963-B5C1-59CA39B431B7}.Release|ARM.ActiveCfg = Release|ARM
		{F4D48DF6-316E-4963-B5C1-59CA39B431B7}.Release|ARM.Build.0 = Release|ARM
		{F4D48DF6-316E-4963-B5C1-59CA39B431B7}.Release|Mixed Platforms.ActiveCfg = Release|x86
		{F4D48DF6-316E-4963-B5C1-59CA39B431B7}.Release|Mixed Platforms.Build.0 = Release|x86
		{F4D48DF6-316E-4963-B5C1-59CA39B431B7}.Release|x64.ActiveCfg = Release|Any CPU
		{F4D48DF6-316E-4963-B5C1-59CA39B431B7}.Release|x86.ActiveCfg = Release|x86
		{F4D48DF6-316E-4963-B5C1-59CA39B431B7}.Release|x86.Build.0 = Release|x86
		{7F223A85-CB51-4666-AFD1-EA55163CE3E8}.Debug.Appveyor|Any CPU.ActiveCfg = Debug|Any CPU
		{7F223A85-CB51-4666-AFD1-EA55163CE3E8}.Debug.Appveyor|Any CPU.Build.0 = Debug|Any CPU
		{7F223A85-CB51-4666-AFD1-EA55163CE3E8}.Debug.Appveyor|ARM.ActiveCfg = Debug|ARM
		{7F223A85-CB51-4666-AFD1-EA55163CE3E8}.Debug.Appveyor|ARM.Build.0 = Debug|ARM
		{7F223A85-CB51-4666-AFD1-EA55163CE3E8}.Debug.Appveyor|Mixed Platforms.ActiveCfg = Debug|x86
		{7F223A85-CB51-4666-AFD1-EA55163CE3E8}.Debug.Appveyor|Mixed Platforms.Build.0 = Debug|x86
		{7F223A85-CB51-4666-AFD1-EA55163CE3E8}.Debug.Appveyor|x64.ActiveCfg = Debug|Any CPU
		{7F223A85-CB51-4666-AFD1-EA55163CE3E8}.Debug.Appveyor|x86.ActiveCfg = Debug|x86
		{7F223A85-CB51-4666-AFD1-EA55163CE3E8}.Debug.Appveyor|x86.Build.0 = Debug|x86
		{7F223A85-CB51-4666-AFD1-EA55163CE3E8}.Debug|Any CPU.ActiveCfg = Debug|Any CPU
		{7F223A85-CB51-4666-AFD1-EA55163CE3E8}.Debug|Any CPU.Build.0 = Debug|Any CPU
		{7F223A85-CB51-4666-AFD1-EA55163CE3E8}.Debug|ARM.ActiveCfg = Debug|ARM
		{7F223A85-CB51-4666-AFD1-EA55163CE3E8}.Debug|ARM.Build.0 = Debug|ARM
		{7F223A85-CB51-4666-AFD1-EA55163CE3E8}.Debug|Mixed Platforms.ActiveCfg = Debug|x86
		{7F223A85-CB51-4666-AFD1-EA55163CE3E8}.Debug|Mixed Platforms.Build.0 = Debug|x86
		{7F223A85-CB51-4666-AFD1-EA55163CE3E8}.Debug|x64.ActiveCfg = Debug|Any CPU
		{7F223A85-CB51-4666-AFD1-EA55163CE3E8}.Debug|x86.ActiveCfg = Debug|x86
		{7F223A85-CB51-4666-AFD1-EA55163CE3E8}.Debug|x86.Build.0 = Debug|x86
		{7F223A85-CB51-4666-AFD1-EA55163CE3E8}.Release|Any CPU.ActiveCfg = Release|Any CPU
		{7F223A85-CB51-4666-AFD1-EA55163CE3E8}.Release|Any CPU.Build.0 = Release|Any CPU
		{7F223A85-CB51-4666-AFD1-EA55163CE3E8}.Release|ARM.ActiveCfg = Release|ARM
		{7F223A85-CB51-4666-AFD1-EA55163CE3E8}.Release|ARM.Build.0 = Release|ARM
		{7F223A85-CB51-4666-AFD1-EA55163CE3E8}.Release|Mixed Platforms.ActiveCfg = Release|x86
		{7F223A85-CB51-4666-AFD1-EA55163CE3E8}.Release|Mixed Platforms.Build.0 = Release|x86
		{7F223A85-CB51-4666-AFD1-EA55163CE3E8}.Release|x64.ActiveCfg = Release|Any CPU
		{7F223A85-CB51-4666-AFD1-EA55163CE3E8}.Release|x86.ActiveCfg = Release|x86
		{7F223A85-CB51-4666-AFD1-EA55163CE3E8}.Release|x86.Build.0 = Release|x86
		{E08E5B69-4F6D-4DE1-ABB8-77E0441D1AEF}.Debug.Appveyor|Any CPU.ActiveCfg = Debug|Any CPU
		{E08E5B69-4F6D-4DE1-ABB8-77E0441D1AEF}.Debug.Appveyor|Any CPU.Build.0 = Debug|Any CPU
		{E08E5B69-4F6D-4DE1-ABB8-77E0441D1AEF}.Debug.Appveyor|ARM.ActiveCfg = Debug|Any CPU
		{E08E5B69-4F6D-4DE1-ABB8-77E0441D1AEF}.Debug.Appveyor|ARM.Build.0 = Debug|Any CPU
		{E08E5B69-4F6D-4DE1-ABB8-77E0441D1AEF}.Debug.Appveyor|Mixed Platforms.ActiveCfg = Debug|Any CPU
		{E08E5B69-4F6D-4DE1-ABB8-77E0441D1AEF}.Debug.Appveyor|Mixed Platforms.Build.0 = Debug|Any CPU
		{E08E5B69-4F6D-4DE1-ABB8-77E0441D1AEF}.Debug.Appveyor|x64.ActiveCfg = Debug|Any CPU
		{E08E5B69-4F6D-4DE1-ABB8-77E0441D1AEF}.Debug.Appveyor|x86.ActiveCfg = Debug|Any CPU
		{E08E5B69-4F6D-4DE1-ABB8-77E0441D1AEF}.Debug.Appveyor|x86.Build.0 = Debug|Any CPU
		{E08E5B69-4F6D-4DE1-ABB8-77E0441D1AEF}.Debug|Any CPU.ActiveCfg = Debug|Any CPU
		{E08E5B69-4F6D-4DE1-ABB8-77E0441D1AEF}.Debug|Any CPU.Build.0 = Debug|Any CPU
		{E08E5B69-4F6D-4DE1-ABB8-77E0441D1AEF}.Debug|ARM.ActiveCfg = Debug|Any CPU
		{E08E5B69-4F6D-4DE1-ABB8-77E0441D1AEF}.Debug|ARM.Build.0 = Debug|Any CPU
		{E08E5B69-4F6D-4DE1-ABB8-77E0441D1AEF}.Debug|Mixed Platforms.ActiveCfg = Debug|Any CPU
		{E08E5B69-4F6D-4DE1-ABB8-77E0441D1AEF}.Debug|Mixed Platforms.Build.0 = Debug|Any CPU
		{E08E5B69-4F6D-4DE1-ABB8-77E0441D1AEF}.Debug|x64.ActiveCfg = Debug|Any CPU
		{E08E5B69-4F6D-4DE1-ABB8-77E0441D1AEF}.Debug|x86.ActiveCfg = Debug|Any CPU
		{E08E5B69-4F6D-4DE1-ABB8-77E0441D1AEF}.Debug|x86.Build.0 = Debug|Any CPU
		{E08E5B69-4F6D-4DE1-ABB8-77E0441D1AEF}.Release|Any CPU.ActiveCfg = Release|Any CPU
		{E08E5B69-4F6D-4DE1-ABB8-77E0441D1AEF}.Release|Any CPU.Build.0 = Release|Any CPU
		{E08E5B69-4F6D-4DE1-ABB8-77E0441D1AEF}.Release|ARM.ActiveCfg = Release|Any CPU
		{E08E5B69-4F6D-4DE1-ABB8-77E0441D1AEF}.Release|ARM.Build.0 = Release|Any CPU
		{E08E5B69-4F6D-4DE1-ABB8-77E0441D1AEF}.Release|Mixed Platforms.ActiveCfg = Release|Any CPU
		{E08E5B69-4F6D-4DE1-ABB8-77E0441D1AEF}.Release|Mixed Platforms.Build.0 = Release|Any CPU
		{E08E5B69-4F6D-4DE1-ABB8-77E0441D1AEF}.Release|x64.ActiveCfg = Release|Any CPU
		{E08E5B69-4F6D-4DE1-ABB8-77E0441D1AEF}.Release|x86.ActiveCfg = Release|Any CPU
		{E08E5B69-4F6D-4DE1-ABB8-77E0441D1AEF}.Release|x86.Build.0 = Release|Any CPU
		{0136D105-745E-44CE-9215-161833B25D84}.Debug.Appveyor|Any CPU.ActiveCfg = Debug|Any CPU
		{0136D105-745E-44CE-9215-161833B25D84}.Debug.Appveyor|Any CPU.Build.0 = Debug|Any CPU
		{0136D105-745E-44CE-9215-161833B25D84}.Debug.Appveyor|ARM.ActiveCfg = Debug|ARM
		{0136D105-745E-44CE-9215-161833B25D84}.Debug.Appveyor|ARM.Build.0 = Debug|ARM
		{0136D105-745E-44CE-9215-161833B25D84}.Debug.Appveyor|Mixed Platforms.ActiveCfg = Debug|x86
		{0136D105-745E-44CE-9215-161833B25D84}.Debug.Appveyor|Mixed Platforms.Build.0 = Debug|x86
		{0136D105-745E-44CE-9215-161833B25D84}.Debug.Appveyor|x64.ActiveCfg = Debug|x64
		{0136D105-745E-44CE-9215-161833B25D84}.Debug.Appveyor|x64.Build.0 = Debug|x64
		{0136D105-745E-44CE-9215-161833B25D84}.Debug.Appveyor|x86.ActiveCfg = Debug|x86
		{0136D105-745E-44CE-9215-161833B25D84}.Debug.Appveyor|x86.Build.0 = Debug|x86
		{0136D105-745E-44CE-9215-161833B25D84}.Debug|Any CPU.ActiveCfg = Debug|Any CPU
		{0136D105-745E-44CE-9215-161833B25D84}.Debug|Any CPU.Build.0 = Debug|Any CPU
		{0136D105-745E-44CE-9215-161833B25D84}.Debug|ARM.ActiveCfg = Debug|ARM
		{0136D105-745E-44CE-9215-161833B25D84}.Debug|ARM.Build.0 = Debug|ARM
		{0136D105-745E-44CE-9215-161833B25D84}.Debug|Mixed Platforms.ActiveCfg = Debug|x86
		{0136D105-745E-44CE-9215-161833B25D84}.Debug|Mixed Platforms.Build.0 = Debug|x86
		{0136D105-745E-44CE-9215-161833B25D84}.Debug|x64.ActiveCfg = Debug|x64
		{0136D105-745E-44CE-9215-161833B25D84}.Debug|x64.Build.0 = Debug|x64
		{0136D105-745E-44CE-9215-161833B25D84}.Debug|x86.ActiveCfg = Debug|x86
		{0136D105-745E-44CE-9215-161833B25D84}.Debug|x86.Build.0 = Debug|x86
		{0136D105-745E-44CE-9215-161833B25D84}.Release|Any CPU.ActiveCfg = Release|Any CPU
		{0136D105-745E-44CE-9215-161833B25D84}.Release|Any CPU.Build.0 = Release|Any CPU
		{0136D105-745E-44CE-9215-161833B25D84}.Release|ARM.ActiveCfg = Release|ARM
		{0136D105-745E-44CE-9215-161833B25D84}.Release|ARM.Build.0 = Release|ARM
		{0136D105-745E-44CE-9215-161833B25D84}.Release|Mixed Platforms.ActiveCfg = Release|x86
		{0136D105-745E-44CE-9215-161833B25D84}.Release|Mixed Platforms.Build.0 = Release|x86
		{0136D105-745E-44CE-9215-161833B25D84}.Release|x64.ActiveCfg = Release|x64
		{0136D105-745E-44CE-9215-161833B25D84}.Release|x64.Build.0 = Release|x64
		{0136D105-745E-44CE-9215-161833B25D84}.Release|x86.ActiveCfg = Release|x86
		{0136D105-745E-44CE-9215-161833B25D84}.Release|x86.Build.0 = Release|x86
	EndGlobalSection
	GlobalSection(SolutionProperties) = preSolution
		HideSolutionNode = FALSE
	EndGlobalSection
EndGlobal
