
Microsoft Visual Studio Solution File, Format Version 12.00
# Visual Studio 15
VisualStudioVersion = 15.0.26730.16
MinimumVisualStudioVersion = 10.0.40219.1
Project("{FAE04EC0-301F-11D3-BF4B-00C04F79EFBC}") = "RestSharp", "src\RestSharp\RestSharp.csproj", "{43A1D5D2-650D-40DD-A6C0-14F92689C70B}"
EndProject
Project("{2150E333-8FDC-42A3-9474-1A3956D46DE8}") = "Tests", "Tests", "{9051DDA0-E563-45D5-9504-085EBAACF469}"
EndProject
Project("{FAE04EC0-301F-11D3-BF4B-00C04F79EFBC}") = "RestSharp.Tests", "test\RestSharp.Tests\RestSharp.Tests.csproj", "{B1C55C9B-3287-4EB2-8ADD-795DBC77013D}"
EndProject
Project("{FAE04EC0-301F-11D3-BF4B-00C04F79EFBC}") = "RestSharp.IntegrationTests", "test\RestSharp.IntegrationTests\RestSharp.IntegrationTests.csproj", "{AC3B3DDC-F011-4E19-8C9B-F748B19ED3C0}"
EndProject
Project("{FAE04EC0-301F-11D3-BF4B-00C04F79EFBC}") = "RestSharp.Serializers.NewtonsoftJson", "src\RestSharp.Serializers.NewtonsoftJson\RestSharp.Serializers.NewtonsoftJson.csproj", "{4205A187-9732-4DA8-B0BE-77A2C6B8C6A1}"
EndProject
Project("{2150E333-8FDC-42A3-9474-1A3956D46DE8}") = "Serializers", "Serializers", "{8C7B43EB-2F93-483C-B433-E28F9386AD67}"
EndProject
Project("{FAE04EC0-301F-11D3-BF4B-00C04F79EFBC}") = "RestSharp.Tests.Shared", "test\RestSharp.Tests.Shared\RestSharp.Tests.Shared.csproj", "{73896669-F05C-41AC-9F6F-A11F549EDEDC}"
EndProject
Project("{FAE04EC0-301F-11D3-BF4B-00C04F79EFBC}") = "RestSharp.Serializers.Tests", "test\RestSharp.Serializers.Tests\RestSharp.Serializers.Tests.csproj", "{8BF81225-2F85-4412-AD18-6579CBA1879B}"
EndProject
Project("{FAE04EC0-301F-11D3-BF4B-00C04F79EFBC}") = "RestSharp.Serializers.Utf8Json", "src\RestSharp.Serializers.Utf8Json\RestSharp.Serializers.Utf8Json.csproj", "{D5DCF088-1126-4E6A-A175-CF8B6D5089A3}"
EndProject
Project("{FAE04EC0-301F-11D3-BF4B-00C04F79EFBC}") = "RestSharp.Serializers.SystemTextJson", "src\RestSharp.Serializers.SystemTextJson\RestSharp.Serializers.SystemTextJson.csproj", "{6914F0EF-F6D2-4BE6-8477-553EBBFF3BEE}"
EndProject
Project("{2150E333-8FDC-42A3-9474-1A3956D46DE8}") = "Perf", "Perf", "{1C42C435-8826-4044-8775-A1DA40EF4866}"
EndProject
Project("{FAE04EC0-301F-11D3-BF4B-00C04F79EFBC}") = "RestSharp.Benchmarks", "benchmarks\RestSharp.Benchmarks\RestSharp.Benchmarks.csproj", "{997AEFE5-D7D4-4033-A31A-07F476D6FE5D}"
EndProject
Global
	GlobalSection(SolutionConfigurationPlatforms) = preSolution
		Debug.Appveyor|Any CPU = Debug.Appveyor|Any CPU
		Debug.Appveyor|ARM = Debug.Appveyor|ARM
		Debug.Appveyor|Mixed Platforms = Debug.Appveyor|Mixed Platforms
		Debug.Appveyor|x64 = Debug.Appveyor|x64
		Debug.Appveyor|x86 = Debug.Appveyor|x86
		Debug|Any CPU = Debug|Any CPU
		Debug|ARM = Debug|ARM
		Debug|Mixed Platforms = Debug|Mixed Platforms
		Debug|x64 = Debug|x64
		Debug|x86 = Debug|x86
		Release|Any CPU = Release|Any CPU
		Release|ARM = Release|ARM
		Release|Mixed Platforms = Release|Mixed Platforms
		Release|x64 = Release|x64
		Release|x86 = Release|x86
	EndGlobalSection
	GlobalSection(ProjectConfigurationPlatforms) = postSolution
		{43A1D5D2-650D-40DD-A6C0-14F92689C70B}.Debug.Appveyor|Any CPU.ActiveCfg = Debug|Any CPU
		{43A1D5D2-650D-40DD-A6C0-14F92689C70B}.Debug.Appveyor|Any CPU.Build.0 = Debug|Any CPU
		{43A1D5D2-650D-40DD-A6C0-14F92689C70B}.Debug.Appveyor|ARM.ActiveCfg = Debug|Any CPU
		{43A1D5D2-650D-40DD-A6C0-14F92689C70B}.Debug.Appveyor|ARM.Build.0 = Debug|Any CPU
		{43A1D5D2-650D-40DD-A6C0-14F92689C70B}.Debug.Appveyor|Mixed Platforms.ActiveCfg = Debug|Any CPU
		{43A1D5D2-650D-40DD-A6C0-14F92689C70B}.Debug.Appveyor|Mixed Platforms.Build.0 = Debug|Any CPU
		{43A1D5D2-650D-40DD-A6C0-14F92689C70B}.Debug.Appveyor|x64.ActiveCfg = Debug|Any CPU
		{43A1D5D2-650D-40DD-A6C0-14F92689C70B}.Debug.Appveyor|x64.Build.0 = Debug|Any CPU
		{43A1D5D2-650D-40DD-A6C0-14F92689C70B}.Debug.Appveyor|x86.ActiveCfg = Debug|Any CPU
		{43A1D5D2-650D-40DD-A6C0-14F92689C70B}.Debug.Appveyor|x86.Build.0 = Debug|Any CPU
		{43A1D5D2-650D-40DD-A6C0-14F92689C70B}.Debug|Any CPU.ActiveCfg = Debug|Any CPU
		{43A1D5D2-650D-40DD-A6C0-14F92689C70B}.Debug|Any CPU.Build.0 = Debug|Any CPU
		{43A1D5D2-650D-40DD-A6C0-14F92689C70B}.Debug|ARM.ActiveCfg = Debug|Any CPU
		{43A1D5D2-650D-40DD-A6C0-14F92689C70B}.Debug|ARM.Build.0 = Debug|Any CPU
		{43A1D5D2-650D-40DD-A6C0-14F92689C70B}.Debug|Mixed Platforms.ActiveCfg = Debug|Any CPU
		{43A1D5D2-650D-40DD-A6C0-14F92689C70B}.Debug|Mixed Platforms.Build.0 = Debug|Any CPU
		{43A1D5D2-650D-40DD-A6C0-14F92689C70B}.Debug|x64.ActiveCfg = Debug|Any CPU
		{43A1D5D2-650D-40DD-A6C0-14F92689C70B}.Debug|x64.Build.0 = Debug|Any CPU
		{43A1D5D2-650D-40DD-A6C0-14F92689C70B}.Debug|x86.ActiveCfg = Debug|Any CPU
		{43A1D5D2-650D-40DD-A6C0-14F92689C70B}.Debug|x86.Build.0 = Debug|Any CPU
		{43A1D5D2-650D-40DD-A6C0-14F92689C70B}.Release|Any CPU.ActiveCfg = Release|Any CPU
		{43A1D5D2-650D-40DD-A6C0-14F92689C70B}.Release|Any CPU.Build.0 = Release|Any CPU
		{43A1D5D2-650D-40DD-A6C0-14F92689C70B}.Release|ARM.ActiveCfg = Release|Any CPU
		{43A1D5D2-650D-40DD-A6C0-14F92689C70B}.Release|ARM.Build.0 = Release|Any CPU
		{43A1D5D2-650D-40DD-A6C0-14F92689C70B}.Release|Mixed Platforms.ActiveCfg = Release|Any CPU
		{43A1D5D2-650D-40DD-A6C0-14F92689C70B}.Release|Mixed Platforms.Build.0 = Release|Any CPU
		{43A1D5D2-650D-40DD-A6C0-14F92689C70B}.Release|x64.ActiveCfg = Release|Any CPU
		{43A1D5D2-650D-40DD-A6C0-14F92689C70B}.Release|x64.Build.0 = Release|Any CPU
		{43A1D5D2-650D-40DD-A6C0-14F92689C70B}.Release|x86.ActiveCfg = Release|Any CPU
		{43A1D5D2-650D-40DD-A6C0-14F92689C70B}.Release|x86.Build.0 = Release|Any CPU
		{B1C55C9B-3287-4EB2-8ADD-795DBC77013D}.Debug.Appveyor|Any CPU.ActiveCfg = Debug|Any CPU
		{B1C55C9B-3287-4EB2-8ADD-795DBC77013D}.Debug.Appveyor|Any CPU.Build.0 = Debug|Any CPU
		{B1C55C9B-3287-4EB2-8ADD-795DBC77013D}.Debug.Appveyor|ARM.ActiveCfg = Debug|Any CPU
		{B1C55C9B-3287-4EB2-8ADD-795DBC77013D}.Debug.Appveyor|ARM.Build.0 = Debug|Any CPU
		{B1C55C9B-3287-4EB2-8ADD-795DBC77013D}.Debug.Appveyor|Mixed Platforms.ActiveCfg = Debug|Any CPU
		{B1C55C9B-3287-4EB2-8ADD-795DBC77013D}.Debug.Appveyor|Mixed Platforms.Build.0 = Debug|Any CPU
		{B1C55C9B-3287-4EB2-8ADD-795DBC77013D}.Debug.Appveyor|x64.ActiveCfg = Debug|Any CPU
		{B1C55C9B-3287-4EB2-8ADD-795DBC77013D}.Debug.Appveyor|x64.Build.0 = Debug|Any CPU
		{B1C55C9B-3287-4EB2-8ADD-795DBC77013D}.Debug.Appveyor|x86.ActiveCfg = Debug|Any CPU
		{B1C55C9B-3287-4EB2-8ADD-795DBC77013D}.Debug.Appveyor|x86.Build.0 = Debug|Any CPU
		{B1C55C9B-3287-4EB2-8ADD-795DBC77013D}.Debug|Any CPU.ActiveCfg = Debug|Any CPU
		{B1C55C9B-3287-4EB2-8ADD-795DBC77013D}.Debug|Any CPU.Build.0 = Debug|Any CPU
		{B1C55C9B-3287-4EB2-8ADD-795DBC77013D}.Debug|ARM.ActiveCfg = Debug|Any CPU
		{B1C55C9B-3287-4EB2-8ADD-795DBC77013D}.Debug|ARM.Build.0 = Debug|Any CPU
		{B1C55C9B-3287-4EB2-8ADD-795DBC77013D}.Debug|Mixed Platforms.ActiveCfg = Debug|Any CPU
		{B1C55C9B-3287-4EB2-8ADD-795DBC77013D}.Debug|Mixed Platforms.Build.0 = Debug|Any CPU
		{B1C55C9B-3287-4EB2-8ADD-795DBC77013D}.Debug|x64.ActiveCfg = Debug|Any CPU
		{B1C55C9B-3287-4EB2-8ADD-795DBC77013D}.Debug|x64.Build.0 = Debug|Any CPU
		{B1C55C9B-3287-4EB2-8ADD-795DBC77013D}.Debug|x86.ActiveCfg = Debug|Any CPU
		{B1C55C9B-3287-4EB2-8ADD-795DBC77013D}.Debug|x86.Build.0 = Debug|Any CPU
		{B1C55C9B-3287-4EB2-8ADD-795DBC77013D}.Release|Any CPU.ActiveCfg = Release|Any CPU
		{B1C55C9B-3287-4EB2-8ADD-795DBC77013D}.Release|Any CPU.Build.0 = Release|Any CPU
		{B1C55C9B-3287-4EB2-8ADD-795DBC77013D}.Release|ARM.ActiveCfg = Release|Any CPU
		{B1C55C9B-3287-4EB2-8ADD-795DBC77013D}.Release|ARM.Build.0 = Release|Any CPU
		{B1C55C9B-3287-4EB2-8ADD-795DBC77013D}.Release|Mixed Platforms.ActiveCfg = Release|Any CPU
		{B1C55C9B-3287-4EB2-8ADD-795DBC77013D}.Release|Mixed Platforms.Build.0 = Release|Any CPU
		{B1C55C9B-3287-4EB2-8ADD-795DBC77013D}.Release|x64.ActiveCfg = Release|Any CPU
		{B1C55C9B-3287-4EB2-8ADD-795DBC77013D}.Release|x64.Build.0 = Release|Any CPU
		{B1C55C9B-3287-4EB2-8ADD-795DBC77013D}.Release|x86.ActiveCfg = Release|Any CPU
		{B1C55C9B-3287-4EB2-8ADD-795DBC77013D}.Release|x86.Build.0 = Release|Any CPU
		{AC3B3DDC-F011-4E19-8C9B-F748B19ED3C0}.Debug.Appveyor|Any CPU.ActiveCfg = Debug|Any CPU
		{AC3B3DDC-F011-4E19-8C9B-F748B19ED3C0}.Debug.Appveyor|Any CPU.Build.0 = Debug|Any CPU
		{AC3B3DDC-F011-4E19-8C9B-F748B19ED3C0}.Debug.Appveyor|ARM.ActiveCfg = Debug|Any CPU
		{AC3B3DDC-F011-4E19-8C9B-F748B19ED3C0}.Debug.Appveyor|ARM.Build.0 = Debug|Any CPU
		{AC3B3DDC-F011-4E19-8C9B-F748B19ED3C0}.Debug.Appveyor|Mixed Platforms.ActiveCfg = Debug|Any CPU
		{AC3B3DDC-F011-4E19-8C9B-F748B19ED3C0}.Debug.Appveyor|Mixed Platforms.Build.0 = Debug|Any CPU
		{AC3B3DDC-F011-4E19-8C9B-F748B19ED3C0}.Debug.Appveyor|x64.ActiveCfg = Debug|Any CPU
		{AC3B3DDC-F011-4E19-8C9B-F748B19ED3C0}.Debug.Appveyor|x64.Build.0 = Debug|Any CPU
		{AC3B3DDC-F011-4E19-8C9B-F748B19ED3C0}.Debug.Appveyor|x86.ActiveCfg = Debug|Any CPU
		{AC3B3DDC-F011-4E19-8C9B-F748B19ED3C0}.Debug.Appveyor|x86.Build.0 = Debug|Any CPU
		{AC3B3DDC-F011-4E19-8C9B-F748B19ED3C0}.Debug|Any CPU.ActiveCfg = Debug|Any CPU
		{AC3B3DDC-F011-4E19-8C9B-F748B19ED3C0}.Debug|Any CPU.Build.0 = Debug|Any CPU
		{AC3B3DDC-F011-4E19-8C9B-F748B19ED3C0}.Debug|ARM.ActiveCfg = Debug|Any CPU
		{AC3B3DDC-F011-4E19-8C9B-F748B19ED3C0}.Debug|ARM.Build.0 = Debug|Any CPU
		{AC3B3DDC-F011-4E19-8C9B-F748B19ED3C0}.Debug|Mixed Platforms.ActiveCfg = Debug|Any CPU
		{AC3B3DDC-F011-4E19-8C9B-F748B19ED3C0}.Debug|Mixed Platforms.Build.0 = Debug|Any CPU
		{AC3B3DDC-F011-4E19-8C9B-F748B19ED3C0}.Debug|x64.ActiveCfg = Debug|Any CPU
		{AC3B3DDC-F011-4E19-8C9B-F748B19ED3C0}.Debug|x64.Build.0 = Debug|Any CPU
		{AC3B3DDC-F011-4E19-8C9B-F748B19ED3C0}.Debug|x86.ActiveCfg = Debug|Any CPU
		{AC3B3DDC-F011-4E19-8C9B-F748B19ED3C0}.Debug|x86.Build.0 = Debug|Any CPU
		{AC3B3DDC-F011-4E19-8C9B-F748B19ED3C0}.Release|Any CPU.ActiveCfg = Release|Any CPU
		{AC3B3DDC-F011-4E19-8C9B-F748B19ED3C0}.Release|Any CPU.Build.0 = Release|Any CPU
		{AC3B3DDC-F011-4E19-8C9B-F748B19ED3C0}.Release|ARM.ActiveCfg = Release|Any CPU
		{AC3B3DDC-F011-4E19-8C9B-F748B19ED3C0}.Release|ARM.Build.0 = Release|Any CPU
		{AC3B3DDC-F011-4E19-8C9B-F748B19ED3C0}.Release|Mixed Platforms.ActiveCfg = Release|Any CPU
		{AC3B3DDC-F011-4E19-8C9B-F748B19ED3C0}.Release|Mixed Platforms.Build.0 = Release|Any CPU
		{AC3B3DDC-F011-4E19-8C9B-F748B19ED3C0}.Release|x64.ActiveCfg = Release|Any CPU
		{AC3B3DDC-F011-4E19-8C9B-F748B19ED3C0}.Release|x64.Build.0 = Release|Any CPU
		{AC3B3DDC-F011-4E19-8C9B-F748B19ED3C0}.Release|x86.ActiveCfg = Release|Any CPU
		{AC3B3DDC-F011-4E19-8C9B-F748B19ED3C0}.Release|x86.Build.0 = Release|Any CPU
		{4205A187-9732-4DA8-B0BE-77A2C6B8C6A1}.Debug.Appveyor|Any CPU.ActiveCfg = Debug|Any CPU
		{4205A187-9732-4DA8-B0BE-77A2C6B8C6A1}.Debug.Appveyor|Any CPU.Build.0 = Debug|Any CPU
		{4205A187-9732-4DA8-B0BE-77A2C6B8C6A1}.Debug.Appveyor|ARM.ActiveCfg = Debug|Any CPU
		{4205A187-9732-4DA8-B0BE-77A2C6B8C6A1}.Debug.Appveyor|ARM.Build.0 = Debug|Any CPU
		{4205A187-9732-4DA8-B0BE-77A2C6B8C6A1}.Debug.Appveyor|Mixed Platforms.ActiveCfg = Debug|Any CPU
		{4205A187-9732-4DA8-B0BE-77A2C6B8C6A1}.Debug.Appveyor|Mixed Platforms.Build.0 = Debug|Any CPU
		{4205A187-9732-4DA8-B0BE-77A2C6B8C6A1}.Debug.Appveyor|x64.ActiveCfg = Debug|Any CPU
		{4205A187-9732-4DA8-B0BE-77A2C6B8C6A1}.Debug.Appveyor|x64.Build.0 = Debug|Any CPU
		{4205A187-9732-4DA8-B0BE-77A2C6B8C6A1}.Debug.Appveyor|x86.ActiveCfg = Debug|Any CPU
		{4205A187-9732-4DA8-B0BE-77A2C6B8C6A1}.Debug.Appveyor|x86.Build.0 = Debug|Any CPU
		{4205A187-9732-4DA8-B0BE-77A2C6B8C6A1}.Debug|Any CPU.ActiveCfg = Debug|Any CPU
		{4205A187-9732-4DA8-B0BE-77A2C6B8C6A1}.Debug|Any CPU.Build.0 = Debug|Any CPU
		{4205A187-9732-4DA8-B0BE-77A2C6B8C6A1}.Debug|ARM.ActiveCfg = Debug|Any CPU
		{4205A187-9732-4DA8-B0BE-77A2C6B8C6A1}.Debug|ARM.Build.0 = Debug|Any CPU
		{4205A187-9732-4DA8-B0BE-77A2C6B8C6A1}.Debug|Mixed Platforms.ActiveCfg = Debug|Any CPU
		{4205A187-9732-4DA8-B0BE-77A2C6B8C6A1}.Debug|Mixed Platforms.Build.0 = Debug|Any CPU
		{4205A187-9732-4DA8-B0BE-77A2C6B8C6A1}.Debug|x64.ActiveCfg = Debug|Any CPU
		{4205A187-9732-4DA8-B0BE-77A2C6B8C6A1}.Debug|x64.Build.0 = Debug|Any CPU
		{4205A187-9732-4DA8-B0BE-77A2C6B8C6A1}.Debug|x86.ActiveCfg = Debug|Any CPU
		{4205A187-9732-4DA8-B0BE-77A2C6B8C6A1}.Debug|x86.Build.0 = Debug|Any CPU
		{4205A187-9732-4DA8-B0BE-77A2C6B8C6A1}.Release|Any CPU.ActiveCfg = Release|Any CPU
		{4205A187-9732-4DA8-B0BE-77A2C6B8C6A1}.Release|Any CPU.Build.0 = Release|Any CPU
		{4205A187-9732-4DA8-B0BE-77A2C6B8C6A1}.Release|ARM.ActiveCfg = Release|Any CPU
		{4205A187-9732-4DA8-B0BE-77A2C6B8C6A1}.Release|ARM.Build.0 = Release|Any CPU
		{4205A187-9732-4DA8-B0BE-77A2C6B8C6A1}.Release|Mixed Platforms.ActiveCfg = Release|Any CPU
		{4205A187-9732-4DA8-B0BE-77A2C6B8C6A1}.Release|Mixed Platforms.Build.0 = Release|Any CPU
		{4205A187-9732-4DA8-B0BE-77A2C6B8C6A1}.Release|x64.ActiveCfg = Release|Any CPU
		{4205A187-9732-4DA8-B0BE-77A2C6B8C6A1}.Release|x64.Build.0 = Release|Any CPU
		{4205A187-9732-4DA8-B0BE-77A2C6B8C6A1}.Release|x86.ActiveCfg = Release|Any CPU
		{4205A187-9732-4DA8-B0BE-77A2C6B8C6A1}.Release|x86.Build.0 = Release|Any CPU
		{73896669-F05C-41AC-9F6F-A11F549EDEDC}.Debug.Appveyor|Any CPU.ActiveCfg = Debug|Any CPU
		{73896669-F05C-41AC-9F6F-A11F549EDEDC}.Debug.Appveyor|Any CPU.Build.0 = Debug|Any CPU
		{73896669-F05C-41AC-9F6F-A11F549EDEDC}.Debug.Appveyor|ARM.ActiveCfg = Debug|Any CPU
		{73896669-F05C-41AC-9F6F-A11F549EDEDC}.Debug.Appveyor|ARM.Build.0 = Debug|Any CPU
		{73896669-F05C-41AC-9F6F-A11F549EDEDC}.Debug.Appveyor|Mixed Platforms.ActiveCfg = Debug|Any CPU
		{73896669-F05C-41AC-9F6F-A11F549EDEDC}.Debug.Appveyor|Mixed Platforms.Build.0 = Debug|Any CPU
		{73896669-F05C-41AC-9F6F-A11F549EDEDC}.Debug.Appveyor|x64.ActiveCfg = Debug|Any CPU
		{73896669-F05C-41AC-9F6F-A11F549EDEDC}.Debug.Appveyor|x64.Build.0 = Debug|Any CPU
		{73896669-F05C-41AC-9F6F-A11F549EDEDC}.Debug.Appveyor|x86.ActiveCfg = Debug|Any CPU
		{73896669-F05C-41AC-9F6F-A11F549EDEDC}.Debug.Appveyor|x86.Build.0 = Debug|Any CPU
		{73896669-F05C-41AC-9F6F-A11F549EDEDC}.Debug|Any CPU.ActiveCfg = Debug|Any CPU
		{73896669-F05C-41AC-9F6F-A11F549EDEDC}.Debug|Any CPU.Build.0 = Debug|Any CPU
		{73896669-F05C-41AC-9F6F-A11F549EDEDC}.Debug|ARM.ActiveCfg = Debug|Any CPU
		{73896669-F05C-41AC-9F6F-A11F549EDEDC}.Debug|ARM.Build.0 = Debug|Any CPU
		{73896669-F05C-41AC-9F6F-A11F549EDEDC}.Debug|Mixed Platforms.ActiveCfg = Debug|Any CPU
		{73896669-F05C-41AC-9F6F-A11F549EDEDC}.Debug|Mixed Platforms.Build.0 = Debug|Any CPU
		{73896669-F05C-41AC-9F6F-A11F549EDEDC}.Debug|x64.ActiveCfg = Debug|Any CPU
		{73896669-F05C-41AC-9F6F-A11F549EDEDC}.Debug|x64.Build.0 = Debug|Any CPU
		{73896669-F05C-41AC-9F6F-A11F549EDEDC}.Debug|x86.ActiveCfg = Debug|Any CPU
		{73896669-F05C-41AC-9F6F-A11F549EDEDC}.Debug|x86.Build.0 = Debug|Any CPU
		{73896669-F05C-41AC-9F6F-A11F549EDEDC}.Release|Any CPU.ActiveCfg = Release|Any CPU
		{73896669-F05C-41AC-9F6F-A11F549EDEDC}.Release|Any CPU.Build.0 = Release|Any CPU
		{73896669-F05C-41AC-9F6F-A11F549EDEDC}.Release|ARM.ActiveCfg = Release|Any CPU
		{73896669-F05C-41AC-9F6F-A11F549EDEDC}.Release|ARM.Build.0 = Release|Any CPU
		{73896669-F05C-41AC-9F6F-A11F549EDEDC}.Release|Mixed Platforms.ActiveCfg = Release|Any CPU
		{73896669-F05C-41AC-9F6F-A11F549EDEDC}.Release|Mixed Platforms.Build.0 = Release|Any CPU
		{73896669-F05C-41AC-9F6F-A11F549EDEDC}.Release|x64.ActiveCfg = Release|Any CPU
		{73896669-F05C-41AC-9F6F-A11F549EDEDC}.Release|x64.Build.0 = Release|Any CPU
		{73896669-F05C-41AC-9F6F-A11F549EDEDC}.Release|x86.ActiveCfg = Release|Any CPU
		{73896669-F05C-41AC-9F6F-A11F549EDEDC}.Release|x86.Build.0 = Release|Any CPU
		{8BF81225-2F85-4412-AD18-6579CBA1879B}.Debug.Appveyor|Any CPU.ActiveCfg = Debug|Any CPU
		{8BF81225-2F85-4412-AD18-6579CBA1879B}.Debug.Appveyor|Any CPU.Build.0 = Debug|Any CPU
		{8BF81225-2F85-4412-AD18-6579CBA1879B}.Debug.Appveyor|ARM.ActiveCfg = Debug|Any CPU
		{8BF81225-2F85-4412-AD18-6579CBA1879B}.Debug.Appveyor|ARM.Build.0 = Debug|Any CPU
		{8BF81225-2F85-4412-AD18-6579CBA1879B}.Debug.Appveyor|Mixed Platforms.ActiveCfg = Debug|Any CPU
		{8BF81225-2F85-4412-AD18-6579CBA1879B}.Debug.Appveyor|Mixed Platforms.Build.0 = Debug|Any CPU
		{8BF81225-2F85-4412-AD18-6579CBA1879B}.Debug.Appveyor|x64.ActiveCfg = Debug|Any CPU
		{8BF81225-2F85-4412-AD18-6579CBA1879B}.Debug.Appveyor|x64.Build.0 = Debug|Any CPU
		{8BF81225-2F85-4412-AD18-6579CBA1879B}.Debug.Appveyor|x86.ActiveCfg = Debug|Any CPU
		{8BF81225-2F85-4412-AD18-6579CBA1879B}.Debug.Appveyor|x86.Build.0 = Debug|Any CPU
		{8BF81225-2F85-4412-AD18-6579CBA1879B}.Debug|Any CPU.ActiveCfg = Debug|Any CPU
		{8BF81225-2F85-4412-AD18-6579CBA1879B}.Debug|Any CPU.Build.0 = Debug|Any CPU
		{8BF81225-2F85-4412-AD18-6579CBA1879B}.Debug|ARM.ActiveCfg = Debug|Any CPU
		{8BF81225-2F85-4412-AD18-6579CBA1879B}.Debug|ARM.Build.0 = Debug|Any CPU
		{8BF81225-2F85-4412-AD18-6579CBA1879B}.Debug|Mixed Platforms.ActiveCfg = Debug|Any CPU
		{8BF81225-2F85-4412-AD18-6579CBA1879B}.Debug|Mixed Platforms.Build.0 = Debug|Any CPU
		{8BF81225-2F85-4412-AD18-6579CBA1879B}.Debug|x64.ActiveCfg = Debug|Any CPU
		{8BF81225-2F85-4412-AD18-6579CBA1879B}.Debug|x64.Build.0 = Debug|Any CPU
		{8BF81225-2F85-4412-AD18-6579CBA1879B}.Debug|x86.ActiveCfg = Debug|Any CPU
		{8BF81225-2F85-4412-AD18-6579CBA1879B}.Debug|x86.Build.0 = Debug|Any CPU
		{8BF81225-2F85-4412-AD18-6579CBA1879B}.Release|Any CPU.ActiveCfg = Release|Any CPU
		{8BF81225-2F85-4412-AD18-6579CBA1879B}.Release|Any CPU.Build.0 = Release|Any CPU
		{8BF81225-2F85-4412-AD18-6579CBA1879B}.Release|ARM.ActiveCfg = Release|Any CPU
		{8BF81225-2F85-4412-AD18-6579CBA1879B}.Release|ARM.Build.0 = Release|Any CPU
		{8BF81225-2F85-4412-AD18-6579CBA1879B}.Release|Mixed Platforms.ActiveCfg = Release|Any CPU
		{8BF81225-2F85-4412-AD18-6579CBA1879B}.Release|Mixed Platforms.Build.0 = Release|Any CPU
		{8BF81225-2F85-4412-AD18-6579CBA1879B}.Release|x64.ActiveCfg = Release|Any CPU
		{8BF81225-2F85-4412-AD18-6579CBA1879B}.Release|x64.Build.0 = Release|Any CPU
		{8BF81225-2F85-4412-AD18-6579CBA1879B}.Release|x86.ActiveCfg = Release|Any CPU
		{8BF81225-2F85-4412-AD18-6579CBA1879B}.Release|x86.Build.0 = Release|Any CPU
		{D5DCF088-1126-4E6A-A175-CF8B6D5089A3}.Debug.Appveyor|Any CPU.ActiveCfg = Debug|Any CPU
		{D5DCF088-1126-4E6A-A175-CF8B6D5089A3}.Debug.Appveyor|Any CPU.Build.0 = Debug|Any CPU
		{D5DCF088-1126-4E6A-A175-CF8B6D5089A3}.Debug.Appveyor|ARM.ActiveCfg = Debug|Any CPU
		{D5DCF088-1126-4E6A-A175-CF8B6D5089A3}.Debug.Appveyor|ARM.Build.0 = Debug|Any CPU
		{D5DCF088-1126-4E6A-A175-CF8B6D5089A3}.Debug.Appveyor|Mixed Platforms.ActiveCfg = Debug|Any CPU
		{D5DCF088-1126-4E6A-A175-CF8B6D5089A3}.Debug.Appveyor|Mixed Platforms.Build.0 = Debug|Any CPU
		{D5DCF088-1126-4E6A-A175-CF8B6D5089A3}.Debug.Appveyor|x64.ActiveCfg = Debug|Any CPU
		{D5DCF088-1126-4E6A-A175-CF8B6D5089A3}.Debug.Appveyor|x64.Build.0 = Debug|Any CPU
		{D5DCF088-1126-4E6A-A175-CF8B6D5089A3}.Debug.Appveyor|x86.ActiveCfg = Debug|Any CPU
		{D5DCF088-1126-4E6A-A175-CF8B6D5089A3}.Debug.Appveyor|x86.Build.0 = Debug|Any CPU
		{D5DCF088-1126-4E6A-A175-CF8B6D5089A3}.Debug|Any CPU.ActiveCfg = Debug|Any CPU
		{D5DCF088-1126-4E6A-A175-CF8B6D5089A3}.Debug|Any CPU.Build.0 = Debug|Any CPU
		{D5DCF088-1126-4E6A-A175-CF8B6D5089A3}.Debug|ARM.ActiveCfg = Debug|Any CPU
		{D5DCF088-1126-4E6A-A175-CF8B6D5089A3}.Debug|ARM.Build.0 = Debug|Any CPU
		{D5DCF088-1126-4E6A-A175-CF8B6D5089A3}.Debug|Mixed Platforms.ActiveCfg = Debug|Any CPU
		{D5DCF088-1126-4E6A-A175-CF8B6D5089A3}.Debug|Mixed Platforms.Build.0 = Debug|Any CPU
		{D5DCF088-1126-4E6A-A175-CF8B6D5089A3}.Debug|x64.ActiveCfg = Debug|Any CPU
		{D5DCF088-1126-4E6A-A175-CF8B6D5089A3}.Debug|x64.Build.0 = Debug|Any CPU
		{D5DCF088-1126-4E6A-A175-CF8B6D5089A3}.Debug|x86.ActiveCfg = Debug|Any CPU
		{D5DCF088-1126-4E6A-A175-CF8B6D5089A3}.Debug|x86.Build.0 = Debug|Any CPU
		{D5DCF088-1126-4E6A-A175-CF8B6D5089A3}.Release|Any CPU.ActiveCfg = Release|Any CPU
		{D5DCF088-1126-4E6A-A175-CF8B6D5089A3}.Release|Any CPU.Build.0 = Release|Any CPU
		{D5DCF088-1126-4E6A-A175-CF8B6D5089A3}.Release|ARM.ActiveCfg = Release|Any CPU
		{D5DCF088-1126-4E6A-A175-CF8B6D5089A3}.Release|ARM.Build.0 = Release|Any CPU
		{D5DCF088-1126-4E6A-A175-CF8B6D5089A3}.Release|Mixed Platforms.ActiveCfg = Release|Any CPU
		{D5DCF088-1126-4E6A-A175-CF8B6D5089A3}.Release|Mixed Platforms.Build.0 = Release|Any CPU
		{D5DCF088-1126-4E6A-A175-CF8B6D5089A3}.Release|x64.ActiveCfg = Release|Any CPU
		{D5DCF088-1126-4E6A-A175-CF8B6D5089A3}.Release|x64.Build.0 = Release|Any CPU
		{D5DCF088-1126-4E6A-A175-CF8B6D5089A3}.Release|x86.ActiveCfg = Release|Any CPU
		{D5DCF088-1126-4E6A-A175-CF8B6D5089A3}.Release|x86.Build.0 = Release|Any CPU
		{6914F0EF-F6D2-4BE6-8477-553EBBFF3BEE}.Debug.Appveyor|Any CPU.ActiveCfg = Debug|Any CPU
		{6914F0EF-F6D2-4BE6-8477-553EBBFF3BEE}.Debug.Appveyor|Any CPU.Build.0 = Debug|Any CPU
		{6914F0EF-F6D2-4BE6-8477-553EBBFF3BEE}.Debug.Appveyor|ARM.ActiveCfg = Debug|Any CPU
		{6914F0EF-F6D2-4BE6-8477-553EBBFF3BEE}.Debug.Appveyor|ARM.Build.0 = Debug|Any CPU
		{6914F0EF-F6D2-4BE6-8477-553EBBFF3BEE}.Debug.Appveyor|Mixed Platforms.ActiveCfg = Debug|Any CPU
		{6914F0EF-F6D2-4BE6-8477-553EBBFF3BEE}.Debug.Appveyor|Mixed Platforms.Build.0 = Debug|Any CPU
		{6914F0EF-F6D2-4BE6-8477-553EBBFF3BEE}.Debug.Appveyor|x64.ActiveCfg = Debug|Any CPU
		{6914F0EF-F6D2-4BE6-8477-553EBBFF3BEE}.Debug.Appveyor|x64.Build.0 = Debug|Any CPU
		{6914F0EF-F6D2-4BE6-8477-553EBBFF3BEE}.Debug.Appveyor|x86.ActiveCfg = Debug|Any CPU
		{6914F0EF-F6D2-4BE6-8477-553EBBFF3BEE}.Debug.Appveyor|x86.Build.0 = Debug|Any CPU
		{6914F0EF-F6D2-4BE6-8477-553EBBFF3BEE}.Debug|Any CPU.ActiveCfg = Debug|Any CPU
		{6914F0EF-F6D2-4BE6-8477-553EBBFF3BEE}.Debug|Any CPU.Build.0 = Debug|Any CPU
		{6914F0EF-F6D2-4BE6-8477-553EBBFF3BEE}.Debug|ARM.ActiveCfg = Debug|Any CPU
		{6914F0EF-F6D2-4BE6-8477-553EBBFF3BEE}.Debug|ARM.Build.0 = Debug|Any CPU
		{6914F0EF-F6D2-4BE6-8477-553EBBFF3BEE}.Debug|Mixed Platforms.ActiveCfg = Debug|Any CPU
		{6914F0EF-F6D2-4BE6-8477-553EBBFF3BEE}.Debug|Mixed Platforms.Build.0 = Debug|Any CPU
		{6914F0EF-F6D2-4BE6-8477-553EBBFF3BEE}.Debug|x64.ActiveCfg = Debug|Any CPU
		{6914F0EF-F6D2-4BE6-8477-553EBBFF3BEE}.Debug|x64.Build.0 = Debug|Any CPU
		{6914F0EF-F6D2-4BE6-8477-553EBBFF3BEE}.Debug|x86.ActiveCfg = Debug|Any CPU
		{6914F0EF-F6D2-4BE6-8477-553EBBFF3BEE}.Debug|x86.Build.0 = Debug|Any CPU
		{6914F0EF-F6D2-4BE6-8477-553EBBFF3BEE}.Release|Any CPU.ActiveCfg = Release|Any CPU
		{6914F0EF-F6D2-4BE6-8477-553EBBFF3BEE}.Release|Any CPU.Build.0 = Release|Any CPU
		{6914F0EF-F6D2-4BE6-8477-553EBBFF3BEE}.Release|ARM.ActiveCfg = Release|Any CPU
		{6914F0EF-F6D2-4BE6-8477-553EBBFF3BEE}.Release|ARM.Build.0 = Release|Any CPU
		{6914F0EF-F6D2-4BE6-8477-553EBBFF3BEE}.Release|Mixed Platforms.ActiveCfg = Release|Any CPU
		{6914F0EF-F6D2-4BE6-8477-553EBBFF3BEE}.Release|Mixed Platforms.Build.0 = Release|Any CPU
		{6914F0EF-F6D2-4BE6-8477-553EBBFF3BEE}.Release|x64.ActiveCfg = Release|Any CPU
		{6914F0EF-F6D2-4BE6-8477-553EBBFF3BEE}.Release|x64.Build.0 = Release|Any CPU
		{6914F0EF-F6D2-4BE6-8477-553EBBFF3BEE}.Release|x86.ActiveCfg = Release|Any CPU
		{6914F0EF-F6D2-4BE6-8477-553EBBFF3BEE}.Release|x86.Build.0 = Release|Any CPU
		{997AEFE5-D7D4-4033-A31A-07F476D6FE5D}.Debug.Appveyor|Any CPU.ActiveCfg = Debug|Any CPU
		{997AEFE5-D7D4-4033-A31A-07F476D6FE5D}.Debug.Appveyor|Any CPU.Build.0 = Debug|Any CPU
		{997AEFE5-D7D4-4033-A31A-07F476D6FE5D}.Debug.Appveyor|ARM.ActiveCfg = Debug|Any CPU
		{997AEFE5-D7D4-4033-A31A-07F476D6FE5D}.Debug.Appveyor|ARM.Build.0 = Debug|Any CPU
		{997AEFE5-D7D4-4033-A31A-07F476D6FE5D}.Debug.Appveyor|Mixed Platforms.ActiveCfg = Debug|Any CPU
		{997AEFE5-D7D4-4033-A31A-07F476D6FE5D}.Debug.Appveyor|Mixed Platforms.Build.0 = Debug|Any CPU
		{997AEFE5-D7D4-4033-A31A-07F476D6FE5D}.Debug.Appveyor|x64.ActiveCfg = Debug|Any CPU
		{997AEFE5-D7D4-4033-A31A-07F476D6FE5D}.Debug.Appveyor|x64.Build.0 = Debug|Any CPU
		{997AEFE5-D7D4-4033-A31A-07F476D6FE5D}.Debug.Appveyor|x86.ActiveCfg = Debug|Any CPU
		{997AEFE5-D7D4-4033-A31A-07F476D6FE5D}.Debug.Appveyor|x86.Build.0 = Debug|Any CPU
		{997AEFE5-D7D4-4033-A31A-07F476D6FE5D}.Debug|Any CPU.ActiveCfg = Debug|Any CPU
		{997AEFE5-D7D4-4033-A31A-07F476D6FE5D}.Debug|Any CPU.Build.0 = Debug|Any CPU
		{997AEFE5-D7D4-4033-A31A-07F476D6FE5D}.Debug|ARM.ActiveCfg = Debug|Any CPU
		{997AEFE5-D7D4-4033-A31A-07F476D6FE5D}.Debug|ARM.Build.0 = Debug|Any CPU
		{997AEFE5-D7D4-4033-A31A-07F476D6FE5D}.Debug|Mixed Platforms.ActiveCfg = Debug|Any CPU
		{997AEFE5-D7D4-4033-A31A-07F476D6FE5D}.Debug|Mixed Platforms.Build.0 = Debug|Any CPU
		{997AEFE5-D7D4-4033-A31A-07F476D6FE5D}.Debug|x64.ActiveCfg = Debug|Any CPU
		{997AEFE5-D7D4-4033-A31A-07F476D6FE5D}.Debug|x64.Build.0 = Debug|Any CPU
		{997AEFE5-D7D4-4033-A31A-07F476D6FE5D}.Debug|x86.ActiveCfg = Debug|Any CPU
		{997AEFE5-D7D4-4033-A31A-07F476D6FE5D}.Debug|x86.Build.0 = Debug|Any CPU
		{997AEFE5-D7D4-4033-A31A-07F476D6FE5D}.Release|Any CPU.ActiveCfg = Release|Any CPU
		{997AEFE5-D7D4-4033-A31A-07F476D6FE5D}.Release|Any CPU.Build.0 = Release|Any CPU
		{997AEFE5-D7D4-4033-A31A-07F476D6FE5D}.Release|ARM.ActiveCfg = Release|Any CPU
		{997AEFE5-D7D4-4033-A31A-07F476D6FE5D}.Release|ARM.Build.0 = Release|Any CPU
		{997AEFE5-D7D4-4033-A31A-07F476D6FE5D}.Release|Mixed Platforms.ActiveCfg = Release|Any CPU
		{997AEFE5-D7D4-4033-A31A-07F476D6FE5D}.Release|Mixed Platforms.Build.0 = Release|Any CPU
		{997AEFE5-D7D4-4033-A31A-07F476D6FE5D}.Release|x64.ActiveCfg = Release|Any CPU
		{997AEFE5-D7D4-4033-A31A-07F476D6FE5D}.Release|x64.Build.0 = Release|Any CPU
		{997AEFE5-D7D4-4033-A31A-07F476D6FE5D}.Release|x86.ActiveCfg = Release|Any CPU
		{997AEFE5-D7D4-4033-A31A-07F476D6FE5D}.Release|x86.Build.0 = Release|Any CPU
	EndGlobalSection
	GlobalSection(SolutionProperties) = preSolution
		HideSolutionNode = FALSE
	EndGlobalSection
	GlobalSection(ExtensibilityGlobals) = postSolution
		SolutionGuid = {77FF357B-03FA-4FA5-A68F-BFBE5800FEBA}
	EndGlobalSection
	GlobalSection(NestedProjects) = preSolution
		{B1C55C9B-3287-4EB2-8ADD-795DBC77013D} = {9051DDA0-E563-45D5-9504-085EBAACF469}
		{AC3B3DDC-F011-4E19-8C9B-F748B19ED3C0} = {9051DDA0-E563-45D5-9504-085EBAACF469}
		{4205A187-9732-4DA8-B0BE-77A2C6B8C6A1} = {8C7B43EB-2F93-483C-B433-E28F9386AD67}
		{73896669-F05C-41AC-9F6F-A11F549EDEDC} = {9051DDA0-E563-45D5-9504-085EBAACF469}
		{8BF81225-2F85-4412-AD18-6579CBA1879B} = {9051DDA0-E563-45D5-9504-085EBAACF469}
		{D5DCF088-1126-4E6A-A175-CF8B6D5089A3} = {8C7B43EB-2F93-483C-B433-E28F9386AD67}
		{6914F0EF-F6D2-4BE6-8477-553EBBFF3BEE} = {8C7B43EB-2F93-483C-B433-E28F9386AD67}
		{997AEFE5-D7D4-4033-A31A-07F476D6FE5D} = {1C42C435-8826-4044-8775-A1DA40EF4866}
	EndGlobalSection
EndGlobal
