
Microsoft Visual Studio Solution File, Format Version 11.00
# Visual Studio 2010
Project("{FAE04EC0-301F-11D3-BF4B-00C04F79EFBC}") = "RestSharp.MonoTouch", "RestSharp.MonoTouch.csproj", "{E9A9D1C5-4E06-4D31-9809-A97188C70B2C}"
EndProject
Global
	GlobalSection(SolutionConfigurationPlatforms) = preSolution
		Debug|iPhone = Debug|iPhone
		Debug|iPhoneSimulator = Debug|iPhoneSimulator
		Release|iPhone = Release|iPhone
		Release|iPhoneSimulator = Release|iPhoneSimulator
	EndGlobalSection
	GlobalSection(ProjectConfigurationPlatforms) = postSolution
		{E9A9D1C5-4E06-4D31-9809-A97188C70B2C}.Debug|iPhone.ActiveCfg = Debug|iPhone
		{E9A9D1C5-4E06-4D31-9809-A97188C70B2C}.Debug|iPhone.Build.0 = Debug|iPhone
		{E9A9D1C5-4E06-4D31-9809-A97188C70B2C}.Debug|iPhoneSimulator.ActiveCfg = Debug|iPhoneSimulator
		{E9A9D1C5-4E06-4D31-9809-A97188C70B2C}.Debug|iPhoneSimulator.Build.0 = Debug|iPhoneSimulator
		{E9A9D1C5-4E06-4D31-9809-A97188C70B2C}.Release|iPhone.ActiveCfg = Release|iPhone
		{E9A9D1C5-4E06-4D31-9809-A97188C70B2C}.Release|iPhone.Build.0 = Release|iPhone
		{E9A9D1C5-4E06-4D31-9809-A97188C70B2C}.Release|iPhoneSimulator.ActiveCfg = Release|iPhoneSimulator
		{E9A9D1C5-4E06-4D31-9809-A97188C70B2C}.Release|iPhoneSimulator.Build.0 = Release|iPhoneSimulator
	EndGlobalSection
	GlobalSection(SolutionProperties) = preSolution
		HideSolutionNode = FALSE
	EndGlobalSection
	GlobalSection(MonoDevelopProperties) = preSolution
		StartupItem = RestSharp.MonoTouch.csproj
	EndGlobalSection
EndGlobal
